// !$*UTF8*$!
{
	archiveVersion = 1;
	classes = {
	};
	objectVersion = 56;
	objects = {

/* Begin PBXBuildFile section */
		86800E4D298B41AA007F1FEF /* TableViewCell.swift in Sources */ = {isa = PBXBuildFile; fileRef = 86800E4B298B41AA007F1FEF /* TableViewCell.swift */; };
		86800E4F298B75F2007F1FEF /* NetworkProtocol.swift in Sources */ = {isa = PBXBuildFile; fileRef = 86800E4E298B75F2007F1FEF /* NetworkProtocol.swift */; };
		86800E52298B761F007F1FEF /* RequestModel.swift in Sources */ = {isa = PBXBuildFile; fileRef = 86800E51298B761F007F1FEF /* RequestModel.swift */; };
		86800E54298B7628007F1FEF /* ResponseModel.swift in Sources */ = {isa = PBXBuildFile; fileRef = 86800E53298B7628007F1FEF /* ResponseModel.swift */; };
		86800E57298B765A007F1FEF /* MVVMService.swift in Sources */ = {isa = PBXBuildFile; fileRef = 86800E56298B765A007F1FEF /* MVVMService.swift */; };
		86DB930A298B2E030032DC20 /* AppDelegate.swift in Sources */ = {isa = PBXBuildFile; fileRef = 86DB9309298B2E030032DC20 /* AppDelegate.swift */; };
		86DB930C298B2E030032DC20 /* SceneDelegate.swift in Sources */ = {isa = PBXBuildFile; fileRef = 86DB930B298B2E030032DC20 /* SceneDelegate.swift */; };
		86DB930E298B2E030032DC20 /* ViewController.swift in Sources */ = {isa = PBXBuildFile; fileRef = 86DB930D298B2E030032DC20 /* ViewController.swift */; };
		86DB9313298B2E030032DC20 /* Assets.xcassets in Resources */ = {isa = PBXBuildFile; fileRef = 86DB9312298B2E030032DC20 /* Assets.xcassets */; };
		86DB9316298B2E030032DC20 /* LaunchScreen.storyboard in Resources */ = {isa = PBXBuildFile; fileRef = 86DB9314298B2E030032DC20 /* LaunchScreen.storyboard */; };
		86DB9321298B2E040032DC20 /* MVVMTests.swift in Sources */ = {isa = PBXBuildFile; fileRef = 86DB9320298B2E040032DC20 /* MVVMTests.swift */; };
		86DB932B298B2E040032DC20 /* MVVMUITests.swift in Sources */ = {isa = PBXBuildFile; fileRef = 86DB932A298B2E040032DC20 /* MVVMUITests.swift */; };
		86DB932D298B2E040032DC20 /* MVVMUITestsLaunchTests.swift in Sources */ = {isa = PBXBuildFile; fileRef = 86DB932C298B2E040032DC20 /* MVVMUITestsLaunchTests.swift */; };
		86DB933A298B35600032DC20 /* ViewModel.swift in Sources */ = {isa = PBXBuildFile; fileRef = 86DB9339298B35600032DC20 /* ViewModel.swift */; };
/* End PBXBuildFile section */

/* Begin PBXContainerItemProxy section */
		86DB931D298B2E040032DC20 /* PBXContainerItemProxy */ = {
			isa = PBXContainerItemProxy;
			containerPortal = 86DB92FE298B2E030032DC20 /* Project object */;
			proxyType = 1;
			remoteGlobalIDString = 86DB9305298B2E030032DC20;
			remoteInfo = MVVM;
		};
		86DB9327298B2E040032DC20 /* PBXContainerItemProxy */ = {
			isa = PBXContainerItemProxy;
			containerPortal = 86DB92FE298B2E030032DC20 /* Project object */;
			proxyType = 1;
			remoteGlobalIDString = 86DB9305298B2E030032DC20;
			remoteInfo = MVVM;
		};
/* End PBXContainerItemProxy section */

/* Begin PBXFileReference section */
		86800E4C298B41AA007F1FEF /* Base */ = {isa = PBXFileReference; lastKnownFileType = sourcecode.swift; name = Base; path = Base.lproj/TableViewCell.swift; sourceTree = "<group>"; };
		86800E4E298B75F2007F1FEF /* NetworkProtocol.swift */ = {isa = PBXFileReference; lastKnownFileType = sourcecode.swift; path = NetworkProtocol.swift; sourceTree = "<group>"; };
		86800E51298B761F007F1FEF /* RequestModel.swift */ = {isa = PBXFileReference; lastKnownFileType = sourcecode.swift; path = RequestModel.swift; sourceTree = "<group>"; };
		86800E53298B7628007F1FEF /* ResponseModel.swift */ = {isa = PBXFileReference; lastKnownFileType = sourcecode.swift; path = ResponseModel.swift; sourceTree = "<group>"; };
		86800E56298B765A007F1FEF /* MVVMService.swift */ = {isa = PBXFileReference; lastKnownFileType = sourcecode.swift; path = MVVMService.swift; sourceTree = "<group>"; };
		86DB9306298B2E030032DC20 /* MVVM.app */ = {isa = PBXFileReference; explicitFileType = wrapper.application; includeInIndex = 0; path = MVVM.app; sourceTree = BUILT_PRODUCTS_DIR; };
		86DB9309298B2E030032DC20 /* AppDelegate.swift */ = {isa = PBXFileReference; lastKnownFileType = sourcecode.swift; path = AppDelegate.swift; sourceTree = "<group>"; };
		86DB930B298B2E030032DC20 /* SceneDelegate.swift */ = {isa = PBXFileReference; lastKnownFileType = sourcecode.swift; path = SceneDelegate.swift; sourceTree = "<group>"; };
		86DB930D298B2E030032DC20 /* ViewController.swift */ = {isa = PBXFileReference; lastKnownFileType = sourcecode.swift; path = ViewController.swift; sourceTree = "<group>"; };
		86DB9312298B2E030032DC20 /* Assets.xcassets */ = {isa = PBXFileReference; lastKnownFileType = folder.assetcatalog; path = Assets.xcassets; sourceTree = "<group>"; };
		86DB9315298B2E030032DC20 /* Base */ = {isa = PBXFileReference; lastKnownFileType = file.storyboard; name = Base; path = Base.lproj/LaunchScreen.storyboard; sourceTree = "<group>"; };
		86DB9317298B2E030032DC20 /* Info.plist */ = {isa = PBXFileReference; lastKnownFileType = text.plist.xml; path = Info.plist; sourceTree = "<group>"; };
		86DB931C298B2E040032DC20 /* MVVMTests.xctest */ = {isa = PBXFileReference; explicitFileType = wrapper.cfbundle; includeInIndex = 0; path = MVVMTests.xctest; sourceTree = BUILT_PRODUCTS_DIR; };
		86DB9320298B2E040032DC20 /* MVVMTests.swift */ = {isa = PBXFileReference; lastKnownFileType = sourcecode.swift; path = MVVMTests.swift; sourceTree = "<group>"; };
		86DB9326298B2E040032DC20 /* MVVMUITests.xctest */ = {isa = PBXFileReference; explicitFileType = wrapper.cfbundle; includeInIndex = 0; path = MVVMUITests.xctest; sourceTree = BUILT_PRODUCTS_DIR; };
		86DB932A298B2E040032DC20 /* MVVMUITests.swift */ = {isa = PBXFileReference; lastKnownFileType = sourcecode.swift; path = MVVMUITests.swift; sourceTree = "<group>"; };
		86DB932C298B2E040032DC20 /* MVVMUITestsLaunchTests.swift */ = {isa = PBXFileReference; lastKnownFileType = sourcecode.swift; path = MVVMUITestsLaunchTests.swift; sourceTree = "<group>"; };
		86DB9339298B35600032DC20 /* ViewModel.swift */ = {isa = PBXFileReference; lastKnownFileType = sourcecode.swift; path = ViewModel.swift; sourceTree = "<group>"; };
/* End PBXFileReference section */

/* Begin PBXFrameworksBuildPhase section */
		86DB9303298B2E030032DC20 /* Frameworks */ = {
			isa = PBXFrameworksBuildPhase;
			buildActionMask = 2147483647;
			files = (
			);
			runOnlyForDeploymentPostprocessing = 0;
		};
		86DB9319298B2E040032DC20 /* Frameworks */ = {
			isa = PBXFrameworksBuildPhase;
			buildActionMask = 2147483647;
			files = (
			);
			runOnlyForDeploymentPostprocessing = 0;
		};
		86DB9323298B2E040032DC20 /* Frameworks */ = {
			isa = PBXFrameworksBuildPhase;
			buildActionMask = 2147483647;
			files = (
			);
			runOnlyForDeploymentPostprocessing = 0;
		};
/* End PBXFrameworksBuildPhase section */

/* Begin PBXGroup section */
		86800E50298B7610007F1FEF /* Models */ = {
			isa = PBXGroup;
			children = (
				86800E51298B761F007F1FEF /* RequestModel.swift */,
				86800E53298B7628007F1FEF /* ResponseModel.swift */,
			);
			path = Models;
			sourceTree = "<group>";
		};
		86800E55298B7643007F1FEF /* Service */ = {
			isa = PBXGroup;
			children = (
				86800E56298B765A007F1FEF /* MVVMService.swift */,
			);
			path = Service;
			sourceTree = "<group>";
		};
		86800E58298B76BC007F1FEF /* Scene */ = {
			isa = PBXGroup;
			children = (
				86DB930B298B2E030032DC20 /* SceneDelegate.swift */,
				86DB9309298B2E030032DC20 /* AppDelegate.swift */,
			);
			path = Scene;
			sourceTree = "<group>";
		};
		86800E59298B76CE007F1FEF /* ViewModel */ = {
			isa = PBXGroup;
			children = (
				86800E5A298B771A007F1FEF /* Cell */,
			);
			path = ViewModel;
			sourceTree = "<group>";
		};
		86800E5A298B771A007F1FEF /* Cell */ = {
			isa = PBXGroup;
			children = (
				86800E4B298B41AA007F1FEF /* TableViewCell.swift */,
			);
			path = Cell;
			sourceTree = "<group>";
		};
		86800E5B298B772D007F1FEF /* Utils */ = {
			isa = PBXGroup;
			children = (
				86800E4E298B75F2007F1FEF /* NetworkProtocol.swift */,
			);
			path = Utils;
			sourceTree = "<group>";
		};
		86800E5C298B7740007F1FEF /* View */ = {
			isa = PBXGroup;
			children = (
				86DB930D298B2E030032DC20 /* ViewController.swift */,
				86DB9339298B35600032DC20 /* ViewModel.swift */,
			);
			path = View;
			sourceTree = "<group>";
		};
		86DB92FD298B2E030032DC20 = {
			isa = PBXGroup;
			children = (
				86DB9308298B2E030032DC20 /* MVVM */,
				86DB9317298B2E030032DC20 /* Info.plist */,
				86DB9314298B2E030032DC20 /* LaunchScreen.storyboard */,
				86DB9312298B2E030032DC20 /* Assets.xcassets */,
				86DB931F298B2E040032DC20 /* MVVMTests */,
				86DB9329298B2E040032DC20 /* MVVMUITests */,
				86DB9307298B2E030032DC20 /* Products */,
			);
			sourceTree = "<group>";
		};
		86DB9307298B2E030032DC20 /* Products */ = {
			isa = PBXGroup;
			children = (
				86DB9306298B2E030032DC20 /* MVVM.app */,
				86DB931C298B2E040032DC20 /* MVVMTests.xctest */,
				86DB9326298B2E040032DC20 /* MVVMUITests.xctest */,
			);
			name = Products;
			sourceTree = "<group>";
		};
		86DB9308298B2E030032DC20 /* MVVM */ = {
			isa = PBXGroup;
			children = (
				86800E58298B76BC007F1FEF /* Scene */,
				86800E55298B7643007F1FEF /* Service */,
				86800E50298B7610007F1FEF /* Models */,
				86800E5C298B7740007F1FEF /* View */,
				86800E59298B76CE007F1FEF /* ViewModel */,
				86800E5B298B772D007F1FEF /* Utils */,
			);
			path = MVVM;
			sourceTree = "<group>";
		};
		86DB931F298B2E040032DC20 /* MVVMTests */ = {
			isa = PBXGroup;
			children = (
				86DB9320298B2E040032DC20 /* MVVMTests.swift */,
			);
			path = MVVMTests;
			sourceTree = "<group>";
		};
		86DB9329298B2E040032DC20 /* MVVMUITests */ = {
			isa = PBXGroup;
			children = (
				86DB932A298B2E040032DC20 /* MVVMUITests.swift */,
				86DB932C298B2E040032DC20 /* MVVMUITestsLaunchTests.swift */,
			);
			path = MVVMUITests;
			sourceTree = "<group>";
		};
/* End PBXGroup section */

/* Begin PBXNativeTarget section */
		86DB9305298B2E030032DC20 /* MVVM */ = {
			isa = PBXNativeTarget;
			buildConfigurationList = 86DB9330298B2E040032DC20 /* Build configuration list for PBXNativeTarget "MVVM" */;
			buildPhases = (
				86DB9302298B2E030032DC20 /* Sources */,
				86DB9303298B2E030032DC20 /* Frameworks */,
				86DB9304298B2E030032DC20 /* Resources */,
			);
			buildRules = (
			);
			dependencies = (
			);
			name = MVVM;
			productName = MVVM;
			productReference = 86DB9306298B2E030032DC20 /* MVVM.app */;
			productType = "com.apple.product-type.application";
		};
		86DB931B298B2E040032DC20 /* MVVMTests */ = {
			isa = PBXNativeTarget;
			buildConfigurationList = 86DB9333298B2E040032DC20 /* Build configuration list for PBXNativeTarget "MVVMTests" */;
			buildPhases = (
				86DB9318298B2E040032DC20 /* Sources */,
				86DB9319298B2E040032DC20 /* Frameworks */,
				86DB931A298B2E040032DC20 /* Resources */,
			);
			buildRules = (
			);
			dependencies = (
				86DB931E298B2E040032DC20 /* PBXTargetDependency */,
			);
			name = MVVMTests;
			productName = MVVMTests;
			productReference = 86DB931C298B2E040032DC20 /* MVVMTests.xctest */;
			productType = "com.apple.product-type.bundle.unit-test";
		};
		86DB9325298B2E040032DC20 /* MVVMUITests */ = {
			isa = PBXNativeTarget;
			buildConfigurationList = 86DB9336298B2E040032DC20 /* Build configuration list for PBXNativeTarget "MVVMUITests" */;
			buildPhases = (
				86DB9322298B2E040032DC20 /* Sources */,
				86DB9323298B2E040032DC20 /* Frameworks */,
				86DB9324298B2E040032DC20 /* Resources */,
			);
			buildRules = (
			);
			dependencies = (
				86DB9328298B2E040032DC20 /* PBXTargetDependency */,
			);
			name = MVVMUITests;
			productName = MVVMUITests;
			productReference = 86DB9326298B2E040032DC20 /* MVVMUITests.xctest */;
			productType = "com.apple.product-type.bundle.ui-testing";
		};
/* End PBXNativeTarget section */

/* Begin PBXProject section */
		86DB92FE298B2E030032DC20 /* Project object */ = {
			isa = PBXProject;
			attributes = {
				BuildIndependentTargetsInParallel = 1;
				LastSwiftUpdateCheck = 1420;
				LastUpgradeCheck = 1420;
				TargetAttributes = {
					86DB9305298B2E030032DC20 = {
						CreatedOnToolsVersion = 14.2;
					};
					86DB931B298B2E040032DC20 = {
						CreatedOnToolsVersion = 14.2;
						TestTargetID = 86DB9305298B2E030032DC20;
					};
					86DB9325298B2E040032DC20 = {
						CreatedOnToolsVersion = 14.2;
						TestTargetID = 86DB9305298B2E030032DC20;
					};
				};
			};
			buildConfigurationList = 86DB9301298B2E030032DC20 /* Build configuration list for PBXProject "MVVM" */;
			compatibilityVersion = "Xcode 14.0";
			developmentRegion = en;
			hasScannedForEncodings = 0;
			knownRegions = (
				en,
				Base,
			);
			mainGroup = 86DB92FD298B2E030032DC20;
			productRefGroup = 86DB9307298B2E030032DC20 /* Products */;
			projectDirPath = "";
			projectRoot = "";
			targets = (
				86DB9305298B2E030032DC20 /* MVVM */,
				86DB931B298B2E040032DC20 /* MVVMTests */,
				86DB9325298B2E040032DC20 /* MVVMUITests */,
			);
		};
/* End PBXProject section */

/* Begin PBXResourcesBuildPhase section */
		86DB9304298B2E030032DC20 /* Resources */ = {
			isa = PBXResourcesBuildPhase;
			buildActionMask = 2147483647;
			files = (
				86DB9316298B2E030032DC20 /* LaunchScreen.storyboard in Resources */,
				86DB9313298B2E030032DC20 /* Assets.xcassets in Resources */,
			);
			runOnlyForDeploymentPostprocessing = 0;
		};
		86DB931A298B2E040032DC20 /* Resources */ = {
			isa = PBXResourcesBuildPhase;
			buildActionMask = 2147483647;
			files = (
			);
			runOnlyForDeploymentPostprocessing = 0;
		};
		86DB9324298B2E040032DC20 /* Resources */ = {
			isa = PBXResourcesBuildPhase;
			buildActionMask = 2147483647;
			files = (
			);
			runOnlyForDeploymentPostprocessing = 0;
		};
/* End PBXResourcesBuildPhase section */

/* Begin PBXSourcesBuildPhase section */
		86DB9302298B2E030032DC20 /* Sources */ = {
			isa = PBXSourcesBuildPhase;
			buildActionMask = 2147483647;
			files = (
				86800E4D298B41AA007F1FEF /* TableViewCell.swift in Sources */,
				86DB930E298B2E030032DC20 /* ViewController.swift in Sources */,
				86800E4F298B75F2007F1FEF /* NetworkProtocol.swift in Sources */,
				86DB930A298B2E030032DC20 /* AppDelegate.swift in Sources */,
				86800E57298B765A007F1FEF /* MVVMService.swift in Sources */,
				86800E52298B761F007F1FEF /* RequestModel.swift in Sources */,
				86DB933A298B35600032DC20 /* ViewModel.swift in Sources */,
				86800E54298B7628007F1FEF /* ResponseModel.swift in Sources */,
				86DB930C298B2E030032DC20 /* SceneDelegate.swift in Sources */,
			);
			runOnlyForDeploymentPostprocessing = 0;
		};
		86DB9318298B2E040032DC20 /* Sources */ = {
			isa = PBXSourcesBuildPhase;
			buildActionMask = 2147483647;
			files = (
				86DB9321298B2E040032DC20 /* MVVMTests.swift in Sources */,
			);
			runOnlyForDeploymentPostprocessing = 0;
		};
		86DB9322298B2E040032DC20 /* Sources */ = {
			isa = PBXSourcesBuildPhase;
			buildActionMask = 2147483647;
			files = (
				86DB932D298B2E040032DC20 /* MVVMUITestsLaunchTests.swift in Sources */,
				86DB932B298B2E040032DC20 /* MVVMUITests.swift in Sources */,
			);
			runOnlyForDeploymentPostprocessing = 0;
		};
/* End PBXSourcesBuildPhase section */

/* Begin PBXTargetDependency section */
		86DB931E298B2E040032DC20 /* PBXTargetDependency */ = {
			isa = PBXTargetDependency;
			target = 86DB9305298B2E030032DC20 /* MVVM */;
			targetProxy = 86DB931D298B2E040032DC20 /* PBXContainerItemProxy */;
		};
		86DB9328298B2E040032DC20 /* PBXTargetDependency */ = {
			isa = PBXTargetDependency;
			target = 86DB9305298B2E030032DC20 /* MVVM */;
			targetProxy = 86DB9327298B2E040032DC20 /* PBXContainerItemProxy */;
		};
/* End PBXTargetDependency section */

/* Begin PBXVariantGroup section */
		86800E4B298B41AA007F1FEF /* TableViewCell.swift */ = {
			isa = PBXVariantGroup;
			children = (
				86800E4C298B41AA007F1FEF /* Base */,
			);
			name = TableViewCell.swift;
			sourceTree = "<group>";
		};
		86DB9314298B2E030032DC20 /* LaunchScreen.storyboard */ = {
			isa = PBXVariantGroup;
			children = (
				86DB9315298B2E030032DC20 /* Base */,
			);
			name = LaunchScreen.storyboard;
			sourceTree = "<group>";
		};
/* End PBXVariantGroup section */

/* Begin XCBuildConfiguration section */
		86DB932E298B2E040032DC20 /* Debug */ = {
			isa = XCBuildConfiguration;
			buildSettings = {
				ALWAYS_SEARCH_USER_PATHS = NO;
				CLANG_ANALYZER_NONNULL = YES;
				CLANG_ANALYZER_NUMBER_OBJECT_CONVERSION = YES_AGGRESSIVE;
				CLANG_CXX_LANGUAGE_STANDARD = "gnu++20";
				CLANG_ENABLE_MODULES = YES;
				CLANG_ENABLE_OBJC_ARC = YES;
				CLANG_ENABLE_OBJC_WEAK = YES;
				CLANG_WARN_BLOCK_CAPTURE_AUTORELEASING = YES;
				CLANG_WARN_BOOL_CONVERSION = YES;
				CLANG_WARN_COMMA = YES;
				CLANG_WARN_CONSTANT_CONVERSION = YES;
				CLANG_WARN_DEPRECATED_OBJC_IMPLEMENTATIONS = YES;
				CLANG_WARN_DIRECT_OBJC_ISA_USAGE = YES_ERROR;
				CLANG_WARN_DOCUMENTATION_COMMENTS = YES;
				CLANG_WARN_EMPTY_BODY = YES;
				CLANG_WARN_ENUM_CONVERSION = YES;
				CLANG_WARN_INFINITE_RECURSION = YES;
				CLANG_WARN_INT_CONVERSION = YES;
				CLANG_WARN_NON_LITERAL_NULL_CONVERSION = YES;
				CLANG_WARN_OBJC_IMPLICIT_RETAIN_SELF = YES;
				CLANG_WARN_OBJC_LITERAL_CONVERSION = YES;
				CLANG_WARN_OBJC_ROOT_CLASS = YES_ERROR;
				CLANG_WARN_QUOTED_INCLUDE_IN_FRAMEWORK_HEADER = YES;
				CLANG_WARN_RANGE_LOOP_ANALYSIS = YES;
				CLANG_WARN_STRICT_PROTOTYPES = YES;
				CLANG_WARN_SUSPICIOUS_MOVE = YES;
				CLANG_WARN_UNGUARDED_AVAILABILITY = YES_AGGRESSIVE;
				CLANG_WARN_UNREACHABLE_CODE = YES;
				CLANG_WARN__DUPLICATE_METHOD_MATCH = YES;
				COPY_PHASE_STRIP = NO;
				DEBUG_INFORMATION_FORMAT = dwarf;
				ENABLE_STRICT_OBJC_MSGSEND = YES;
				ENABLE_TESTABILITY = YES;
				GCC_C_LANGUAGE_STANDARD = gnu11;
				GCC_DYNAMIC_NO_PIC = NO;
				GCC_NO_COMMON_BLOCKS = YES;
				GCC_OPTIMIZATION_LEVEL = 0;
				GCC_PREPROCESSOR_DEFINITIONS = (
					"DEBUG=1",
					"$(inherited)",
				);
				GCC_WARN_64_TO_32_BIT_CONVERSION = YES;
				GCC_WARN_ABOUT_RETURN_TYPE = YES_ERROR;
				GCC_WARN_UNDECLARED_SELECTOR = YES;
				GCC_WARN_UNINITIALIZED_AUTOS = YES_AGGRESSIVE;
				GCC_WARN_UNUSED_FUNCTION = YES;
				GCC_WARN_UNUSED_VARIABLE = YES;
				IPHONEOS_DEPLOYMENT_TARGET = 16.2;
				MTL_ENABLE_DEBUG_INFO = INCLUDE_SOURCE;
				MTL_FAST_MATH = YES;
				ONLY_ACTIVE_ARCH = YES;
				SDKROOT = iphoneos;
				SWIFT_ACTIVE_COMPILATION_CONDITIONS = DEBUG;
				SWIFT_OPTIMIZATION_LEVEL = "-Onone";
			};
			name = Debug;
		};
		86DB932F298B2E040032DC20 /* Release */ = {
			isa = XCBuildConfiguration;
			buildSettings = {
				ALWAYS_SEARCH_USER_PATHS = NO;
				CLANG_ANALYZER_NONNULL = YES;
				CLANG_ANALYZER_NUMBER_OBJECT_CONVERSION = YES_AGGRESSIVE;
				CLANG_CXX_LANGUAGE_STANDARD = "gnu++20";
				CLANG_ENABLE_MODULES = YES;
				CLANG_ENABLE_OBJC_ARC = YES;
				CLANG_ENABLE_OBJC_WEAK = YES;
				CLANG_WARN_BLOCK_CAPTURE_AUTORELEASING = YES;
				CLANG_WARN_BOOL_CONVERSION = YES;
				CLANG_WARN_COMMA = YES;
				CLANG_WARN_CONSTANT_CONVERSION = YES;
				CLANG_WARN_DEPRECATED_OBJC_IMPLEMENTATIONS = YES;
				CLANG_WARN_DIRECT_OBJC_ISA_USAGE = YES_ERROR;
				CLANG_WARN_DOCUMENTATION_COMMENTS = YES;
				CLANG_WARN_EMPTY_BODY = YES;
				CLANG_WARN_ENUM_CONVERSION = YES;
				CLANG_WARN_INFINITE_RECURSION = YES;
				CLANG_WARN_INT_CONVERSION = YES;
				CLANG_WARN_NON_LITERAL_NULL_CONVERSION = YES;
				CLANG_WARN_OBJC_IMPLICIT_RETAIN_SELF = YES;
				CLANG_WARN_OBJC_LITERAL_CONVERSION = YES;
				CLANG_WARN_OBJC_ROOT_CLASS = YES_ERROR;
				CLANG_WARN_QUOTED_INCLUDE_IN_FRAMEWORK_HEADER = YES;
				CLANG_WARN_RANGE_LOOP_ANALYSIS = YES;
				CLANG_WARN_STRICT_PROTOTYPES = YES;
				CLANG_WARN_SUSPICIOUS_MOVE = YES;
				CLANG_WARN_UNGUARDED_AVAILABILITY = YES_AGGRESSIVE;
				CLANG_WARN_UNREACHABLE_CODE = YES;
				CLANG_WARN__DUPLICATE_METHOD_MATCH = YES;
				COPY_PHASE_STRIP = NO;
				DEBUG_INFORMATION_FORMAT = "dwarf-with-dsym";
				ENABLE_NS_ASSERTIONS = NO;
				ENABLE_STRICT_OBJC_MSGSEND = YES;
				GCC_C_LANGUAGE_STANDARD = gnu11;
				GCC_NO_COMMON_BLOCKS = YES;
				GCC_WARN_64_TO_32_BIT_CONVERSION = YES;
				GCC_WARN_ABOUT_RETURN_TYPE = YES_ERROR;
				GCC_WARN_UNDECLARED_SELECTOR = YES;
				GCC_WARN_UNINITIALIZED_AUTOS = YES_AGGRESSIVE;
				GCC_WARN_UNUSED_FUNCTION = YES;
				GCC_WARN_UNUSED_VARIABLE = YES;
				IPHONEOS_DEPLOYMENT_TARGET = 16.2;
				MTL_ENABLE_DEBUG_INFO = NO;
				MTL_FAST_MATH = YES;
				SDKROOT = iphoneos;
				SWIFT_COMPILATION_MODE = wholemodule;
				SWIFT_OPTIMIZATION_LEVEL = "-O";
				VALIDATE_PRODUCT = YES;
			};
			name = Release;
		};
		86DB9331298B2E040032DC20 /* Debug */ = {
			isa = XCBuildConfiguration;
			buildSettings = {
				ASSETCATALOG_COMPILER_APPICON_NAME = AppIcon;
				ASSETCATALOG_COMPILER_GLOBAL_ACCENT_COLOR_NAME = AccentColor;
				CODE_SIGN_STYLE = Automatic;
				CURRENT_PROJECT_VERSION = 1;
				DEVELOPMENT_TEAM = YB5KQCLMY6;
				GENERATE_INFOPLIST_FILE = YES;
				INFOPLIST_FILE = MVVM/Info.plist;
				INFOPLIST_KEY_UIApplicationSupportsIndirectInputEvents = YES;
				INFOPLIST_KEY_UILaunchStoryboardName = LaunchScreen;
				INFOPLIST_KEY_UISupportedInterfaceOrientations_iPad = "UIInterfaceOrientationPortrait UIInterfaceOrientationPortraitUpsideDown UIInterfaceOrientationLandscapeLeft UIInterfaceOrientationLandscapeRight";
				INFOPLIST_KEY_UISupportedInterfaceOrientations_iPhone = "UIInterfaceOrientationPortrait UIInterfaceOrientationLandscapeLeft UIInterfaceOrientationLandscapeRight";
				LD_RUNPATH_SEARCH_PATHS = (
					"$(inherited)",
					"@executable_path/Frameworks",
				);
				MARKETING_VERSION = 1.0;
				PRODUCT_BUNDLE_IDENTIFIER = joohan.MVVM;
				PRODUCT_NAME = "$(TARGET_NAME)";
				SWIFT_EMIT_LOC_STRINGS = YES;
				SWIFT_VERSION = 5.0;
				TARGETED_DEVICE_FAMILY = "1,2";
			};
			name = Debug;
		};
		86DB9332298B2E040032DC20 /* Release */ = {
			isa = XCBuildConfiguration;
			buildSettings = {
				ASSETCATALOG_COMPILER_APPICON_NAME = AppIcon;
				ASSETCATALOG_COMPILER_GLOBAL_ACCENT_COLOR_NAME = AccentColor;
				CODE_SIGN_STYLE = Automatic;
				CURRENT_PROJECT_VERSION = 1;
				DEVELOPMENT_TEAM = YB5KQCLMY6;
				GENERATE_INFOPLIST_FILE = YES;
				INFOPLIST_FILE = MVVM/Info.plist;
				INFOPLIST_KEY_UIApplicationSupportsIndirectInputEvents = YES;
				INFOPLIST_KEY_UILaunchStoryboardName = LaunchScreen;
				INFOPLIST_KEY_UISupportedInterfaceOrientations_iPad = "UIInterfaceOrientationPortrait UIInterfaceOrientationPortraitUpsideDown UIInterfaceOrientationLandscapeLeft UIInterfaceOrientationLandscapeRight";
				INFOPLIST_KEY_UISupportedInterfaceOrientations_iPhone = "UIInterfaceOrientationPortrait UIInterfaceOrientationLandscapeLeft UIInterfaceOrientationLandscapeRight";
				LD_RUNPATH_SEARCH_PATHS = (
					"$(inherited)",
					"@executable_path/Frameworks",
				);
				MARKETING_VERSION = 1.0;
				PRODUCT_BUNDLE_IDENTIFIER = joohan.MVVM;
				PRODUCT_NAME = "$(TARGET_NAME)";
				SWIFT_EMIT_LOC_STRINGS = YES;
				SWIFT_VERSION = 5.0;
				TARGETED_DEVICE_FAMILY = "1,2";
			};
			name = Release;
		};
		86DB9334298B2E040032DC20 /* Debug */ = {
			isa = XCBuildConfiguration;
			buildSettings = {
				ALWAYS_EMBED_SWIFT_STANDARD_LIBRARIES = YES;
				BUNDLE_LOADER = "$(TEST_HOST)";
				CODE_SIGN_STYLE = Automatic;
				CURRENT_PROJECT_VERSION = 1;
				DEVELOPMENT_TEAM = YB5KQCLMY6;
				GENERATE_INFOPLIST_FILE = YES;
				IPHONEOS_DEPLOYMENT_TARGET = 16.2;
				MARKETING_VERSION = 1.0;
				PRODUCT_BUNDLE_IDENTIFIER = joohan.MVVMTests;
				PRODUCT_NAME = "$(TARGET_NAME)";
				SWIFT_EMIT_LOC_STRINGS = NO;
				SWIFT_VERSION = 5.0;
				TARGETED_DEVICE_FAMILY = "1,2";
				TEST_HOST = "$(BUILT_PRODUCTS_DIR)/MVVM.app/$(BUNDLE_EXECUTABLE_FOLDER_PATH)/MVVM";
			};
			name = Debug;
		};
		86DB9335298B2E040032DC20 /* Release */ = {
			isa = XCBuildConfiguration;
			buildSettings = {
				ALWAYS_EMBED_SWIFT_STANDARD_LIBRARIES = YES;
				BUNDLE_LOADER = "$(TEST_HOST)";
				CODE_SIGN_STYLE = Automatic;
				CURRENT_PROJECT_VERSION = 1;
				DEVELOPMENT_TEAM = YB5KQCLMY6;
				GENERATE_INFOPLIST_FILE = YES;
				IPHONEOS_DEPLOYMENT_TARGET = 16.2;
				MARKETING_VERSION = 1.0;
				PRODUCT_BUNDLE_IDENTIFIER = joohan.MVVMTests;
				PRODUCT_NAME = "$(TARGET_NAME)";
				SWIFT_EMIT_LOC_STRINGS = NO;
				SWIFT_VERSION = 5.0;
				TARGETED_DEVICE_FAMILY = "1,2";
				TEST_HOST = "$(BUILT_PRODUCTS_DIR)/MVVM.app/$(BUNDLE_EXECUTABLE_FOLDER_PATH)/MVVM";
			};
			name = Release;
		};
		86DB9337298B2E040032DC20 /* Debug */ = {
			isa = XCBuildConfiguration;
			buildSettings = {
				ALWAYS_EMBED_SWIFT_STANDARD_LIBRARIES = YES;
				CODE_SIGN_STYLE = Automatic;
				CURRENT_PROJECT_VERSION = 1;
				DEVELOPMENT_TEAM = YB5KQCLMY6;
				GENERATE_INFOPLIST_FILE = YES;
				MARKETING_VERSION = 1.0;
				PRODUCT_BUNDLE_IDENTIFIER = joohan.MVVMUITests;
				PRODUCT_NAME = "$(TARGET_NAME)";
				SWIFT_EMIT_LOC_STRINGS = NO;
				SWIFT_VERSION = 5.0;
				TARGETED_DEVICE_FAMILY = "1,2";
				TEST_TARGET_NAME = MVVM;
			};
			name = Debug;
		};
		86DB9338298B2E040032DC20 /* Release */ = {
			isa = XCBuildConfiguration;
			buildSettings = {
				ALWAYS_EMBED_SWIFT_STANDARD_LIBRARIES = YES;
				CODE_SIGN_STYLE = Automatic;
				CURRENT_PROJECT_VERSION = 1;
				DEVELOPMENT_TEAM = YB5KQCLMY6;
				GENERATE_INFOPLIST_FILE = YES;
				MARKETING_VERSION = 1.0;
				PRODUCT_BUNDLE_IDENTIFIER = joohan.MVVMUITests;
				PRODUCT_NAME = "$(TARGET_NAME)";
				SWIFT_EMIT_LOC_STRINGS = NO;
				SWIFT_VERSION = 5.0;
				TARGETED_DEVICE_FAMILY = "1,2";
				TEST_TARGET_NAME = MVVM;
			};
			name = Release;
		};
/* End XCBuildConfiguration section */

/* Begin XCConfigurationList section */
		86DB9301298B2E030032DC20 /* Build configuration list for PBXProject "MVVM" */ = {
			isa = XCConfigurationList;
			buildConfigurations = (
				86DB932E298B2E040032DC20 /* Debug */,
				86DB932F298B2E040032DC20 /* Release */,
			);
			defaultConfigurationIsVisible = 0;
			defaultConfigurationName = Release;
		};
		86DB9330298B2E040032DC20 /* Build configuration list for PBXNativeTarget "MVVM" */ = {
			isa = XCConfigurationList;
			buildConfigurations = (
				86DB9331298B2E040032DC20 /* Debug */,
				86DB9332298B2E040032DC20 /* Release */,
			);
			defaultConfigurationIsVisible = 0;
			defaultConfigurationName = Release;
		};
		86DB9333298B2E040032DC20 /* Build configuration list for PBXNativeTarget "MVVMTests" */ = {
			isa = XCConfigurationList;
			buildConfigurations = (
				86DB9334298B2E040032DC20 /* Debug */,
				86DB9335298B2E040032DC20 /* Release */,
			);
			defaultConfigurationIsVisible = 0;
			defaultConfigurationName = Release;
		};
		86DB9336298B2E040032DC20 /* Build configuration list for PBXNativeTarget "MVVMUITests" */ = {
			isa = XCConfigurationList;
			buildConfigurations = (
				86DB9337298B2E040032DC20 /* Debug */,
				86DB9338298B2E040032DC20 /* Release */,
			);
			defaultConfigurationIsVisible = 0;
			defaultConfigurationName = Release;
		};
/* End XCConfigurationList section */
	};
	rootObject = 86DB92FE298B2E030032DC20 /* Project object */;
}
