// !$*UTF8*$!
{
	archiveVersion = 1;
	classes = {
	};
	objectVersion = 56;
	objects = {

/* Begin PBXBuildFile section */
		86BE52AE28E9E4C800FE29FF /* TCACoordinatorPracticeApp.swift in Sources */ = {isa = PBXBuildFile; fileRef = 86BE52AD28E9E4C800FE29FF /* TCACoordinatorPracticeApp.swift */; };
		86BE52B028E9E4C800FE29FF /* HomeView.swift in Sources */ = {isa = PBXBuildFile; fileRef = 86BE52AF28E9E4C800FE29FF /* HomeView.swift */; };
		86BE52B228E9E4C900FE29FF /* Assets.xcassets in Resources */ = {isa = PBXBuildFile; fileRef = 86BE52B128E9E4C900FE29FF /* Assets.xcassets */; };
		86BE52B528E9E4C900FE29FF /* Preview Assets.xcassets in Resources */ = {isa = PBXBuildFile; fileRef = 86BE52B428E9E4C900FE29FF /* Preview Assets.xcassets */; };
		86BE52C128E9E56900FE29FF /* HomeCore.swift in Sources */ = {isa = PBXBuildFile; fileRef = 86BE52C028E9E56900FE29FF /* HomeCore.swift */; };
		86BE52C328E9E57700FE29FF /* DetailView.swift in Sources */ = {isa = PBXBuildFile; fileRef = 86BE52C228E9E57700FE29FF /* DetailView.swift */; };
		86BE52C528E9E58B00FE29FF /* DetailCore.swift in Sources */ = {isa = PBXBuildFile; fileRef = 86BE52C428E9E58B00FE29FF /* DetailCore.swift */; };
		86BE52C728E9E59E00FE29FF /* ScreenCore.swift in Sources */ = {isa = PBXBuildFile; fileRef = 86BE52C628E9E59E00FE29FF /* ScreenCore.swift */; };
		86BE52C928E9E5B100FE29FF /* CoordinatorView.swift in Sources */ = {isa = PBXBuildFile; fileRef = 86BE52C828E9E5B100FE29FF /* CoordinatorView.swift */; };
		86BE52CB28E9E5C600FE29FF /* CoordinatorCore.swift in Sources */ = {isa = PBXBuildFile; fileRef = 86BE52CA28E9E5C600FE29FF /* CoordinatorCore.swift */; };
		86BE52CE28E9E5E000FE29FF /* TCACoordinators in Frameworks */ = {isa = PBXBuildFile; productRef = 86BE52CD28E9E5E000FE29FF /* TCACoordinators */; };
/* End PBXBuildFile section */

/* Begin PBXFileReference section */
		86BE52AA28E9E4C800FE29FF /* TCACoordinatorPractice.app */ = {isa = PBXFileReference; explicitFileType = wrapper.application; includeInIndex = 0; path = TCACoordinatorPractice.app; sourceTree = BUILT_PRODUCTS_DIR; };
		86BE52AD28E9E4C800FE29FF /* TCACoordinatorPracticeApp.swift */ = {isa = PBXFileReference; lastKnownFileType = sourcecode.swift; path = TCACoordinatorPracticeApp.swift; sourceTree = "<group>"; };
		86BE52AF28E9E4C800FE29FF /* HomeView.swift */ = {isa = PBXFileReference; lastKnownFileType = sourcecode.swift; path = HomeView.swift; sourceTree = "<group>"; };
		86BE52B128E9E4C900FE29FF /* Assets.xcassets */ = {isa = PBXFileReference; lastKnownFileType = folder.assetcatalog; path = Assets.xcassets; sourceTree = "<group>"; };
		86BE52B428E9E4C900FE29FF /* Preview Assets.xcassets */ = {isa = PBXFileReference; lastKnownFileType = folder.assetcatalog; path = "Preview Assets.xcassets"; sourceTree = "<group>"; };
		86BE52C028E9E56900FE29FF /* HomeCore.swift */ = {isa = PBXFileReference; lastKnownFileType = sourcecode.swift; path = HomeCore.swift; sourceTree = "<group>"; };
		86BE52C228E9E57700FE29FF /* DetailView.swift */ = {isa = PBXFileReference; lastKnownFileType = sourcecode.swift; path = DetailView.swift; sourceTree = "<group>"; };
		86BE52C428E9E58B00FE29FF /* DetailCore.swift */ = {isa = PBXFileReference; lastKnownFileType = sourcecode.swift; path = DetailCore.swift; sourceTree = "<group>"; };
		86BE52C628E9E59E00FE29FF /* ScreenCore.swift */ = {isa = PBXFileReference; lastKnownFileType = sourcecode.swift; path = ScreenCore.swift; sourceTree = "<group>"; };
		86BE52C828E9E5B100FE29FF /* CoordinatorView.swift */ = {isa = PBXFileReference; lastKnownFileType = sourcecode.swift; path = CoordinatorView.swift; sourceTree = "<group>"; };
		86BE52CA28E9E5C600FE29FF /* CoordinatorCore.swift */ = {isa = PBXFileReference; lastKnownFileType = sourcecode.swift; path = CoordinatorCore.swift; sourceTree = "<group>"; };
/* End PBXFileReference section */

/* Begin PBXFrameworksBuildPhase section */
		86BE52A728E9E4C800FE29FF /* Frameworks */ = {
			isa = PBXFrameworksBuildPhase;
			buildActionMask = 2147483647;
			files = (
				86BE52CE28E9E5E000FE29FF /* TCACoordinators in Frameworks */,
			);
			runOnlyForDeploymentPostprocessing = 0;
		};
/* End PBXFrameworksBuildPhase section */

/* Begin PBXGroup section */
		86BE52A128E9E4C800FE29FF = {
			isa = PBXGroup;
			children = (
				86BE52AC28E9E4C800FE29FF /* TCACoordinatorPractice */,
				86BE52AB28E9E4C800FE29FF /* Products */,
			);
			sourceTree = "<group>";
		};
		86BE52AB28E9E4C800FE29FF /* Products */ = {
			isa = PBXGroup;
			children = (
				86BE52AA28E9E4C800FE29FF /* TCACoordinatorPractice.app */,
			);
			name = Products;
			sourceTree = "<group>";
		};
		86BE52AC28E9E4C800FE29FF /* TCACoordinatorPractice */ = {
			isa = PBXGroup;
			children = (
				86BE52BC28E9E50200FE29FF /* App */,
				86BE52BF28E9E51500FE29FF /* Home */,
				86BE52BE28E9E51100FE29FF /* Detail */,
				86BE52BD28E9E50F00FE29FF /* Screen */,
				86BE52BB28E9E50100FE29FF /* Coordinator */,
				86BE52B128E9E4C900FE29FF /* Assets.xcassets */,
				86BE52B328E9E4C900FE29FF /* Preview Content */,
			);
			path = TCACoordinatorPractice;
			sourceTree = "<group>";
		};
		86BE52B328E9E4C900FE29FF /* Preview Content */ = {
			isa = PBXGroup;
			children = (
				86BE52B428E9E4C900FE29FF /* Preview Assets.xcassets */,
			);
			path = "Preview Content";
			sourceTree = "<group>";
		};
		86BE52BB28E9E50100FE29FF /* Coordinator */ = {
			isa = PBXGroup;
			children = (
				86BE52C828E9E5B100FE29FF /* CoordinatorView.swift */,
				86BE52CA28E9E5C600FE29FF /* CoordinatorCore.swift */,
			);
			path = Coordinator;
			sourceTree = "<group>";
		};
		86BE52BC28E9E50200FE29FF /* App */ = {
			isa = PBXGroup;
			children = (
				86BE52AD28E9E4C800FE29FF /* TCACoordinatorPracticeApp.swift */,
			);
			name = App;
			path = "New Group/App";
			sourceTree = "<group>";
		};
		86BE52BD28E9E50F00FE29FF /* Screen */ = {
			isa = PBXGroup;
			children = (
				86BE52C628E9E59E00FE29FF /* ScreenCore.swift */,
			);
			path = Screen;
			sourceTree = "<group>";
		};
		86BE52BE28E9E51100FE29FF /* Detail */ = {
			isa = PBXGroup;
			children = (
				86BE52C228E9E57700FE29FF /* DetailView.swift */,
				86BE52C428E9E58B00FE29FF /* DetailCore.swift */,
			);
			path = Detail;
			sourceTree = "<group>";
		};
		86BE52BF28E9E51500FE29FF /* Home */ = {
			isa = PBXGroup;
			children = (
				86BE52AF28E9E4C800FE29FF /* HomeView.swift */,
				86BE52C028E9E56900FE29FF /* HomeCore.swift */,
			);
			path = Home;
			sourceTree = "<group>";
		};
/* End PBXGroup section */

/* Begin PBXNativeTarget section */
		86BE52A928E9E4C800FE29FF /* TCACoordinatorPractice */ = {
			isa = PBXNativeTarget;
			buildConfigurationList = 86BE52B828E9E4C900FE29FF /* Build configuration list for PBXNativeTarget "TCACoordinatorPractice" */;
			buildPhases = (
				86BE52A628E9E4C800FE29FF /* Sources */,
				86BE52A728E9E4C800FE29FF /* Frameworks */,
				86BE52A828E9E4C800FE29FF /* Resources */,
			);
			buildRules = (
			);
			dependencies = (
			);
			name = TCACoordinatorPractice;
			packageProductDependencies = (
				86BE52CD28E9E5E000FE29FF /* TCACoordinators */,
			);
			productName = TCACoordinatorPractice;
			productReference = 86BE52AA28E9E4C800FE29FF /* TCACoordinatorPractice.app */;
			productType = "com.apple.product-type.application";
		};
/* End PBXNativeTarget section */

/* Begin PBXProject section */
		86BE52A228E9E4C800FE29FF /* Project object */ = {
			isa = PBXProject;
			attributes = {
				BuildIndependentTargetsInParallel = 1;
				LastSwiftUpdateCheck = 1400;
				LastUpgradeCheck = 1400;
				TargetAttributes = {
					86BE52A928E9E4C800FE29FF = {
						CreatedOnToolsVersion = 14.0;
					};
				};
			};
			buildConfigurationList = 86BE52A528E9E4C800FE29FF /* Build configuration list for PBXProject "TCACoordinatorPractice" */;
			compatibilityVersion = "Xcode 14.0";
			developmentRegion = en;
			hasScannedForEncodings = 0;
			knownRegions = (
				en,
				Base,
			);
			mainGroup = 86BE52A128E9E4C800FE29FF;
			packageReferences = (
				86BE52CC28E9E5E000FE29FF /* XCRemoteSwiftPackageReference "TCACoordinators" */,
			);
			productRefGroup = 86BE52AB28E9E4C800FE29FF /* Products */;
			projectDirPath = "";
			projectRoot = "";
			targets = (
				86BE52A928E9E4C800FE29FF /* TCACoordinatorPractice */,
			);
		};
/* End PBXProject section */

/* Begin PBXResourcesBuildPhase section */
		86BE52A828E9E4C800FE29FF /* Resources */ = {
			isa = PBXResourcesBuildPhase;
			buildActionMask = 2147483647;
			files = (
				86BE52B528E9E4C900FE29FF /* Preview Assets.xcassets in Resources */,
				86BE52B228E9E4C900FE29FF /* Assets.xcassets in Resources */,
			);
			runOnlyForDeploymentPostprocessing = 0;
		};
/* End PBXResourcesBuildPhase section */

/* Begin PBXSourcesBuildPhase section */
		86BE52A628E9E4C800FE29FF /* Sources */ = {
			isa = PBXSourcesBuildPhase;
			buildActionMask = 2147483647;
			files = (
				86BE52C728E9E59E00FE29FF /* ScreenCore.swift in Sources */,
				86BE52C928E9E5B100FE29FF /* CoordinatorView.swift in Sources */,
				86BE52B028E9E4C800FE29FF /* HomeView.swift in Sources */,
				86BE52C328E9E57700FE29FF /* DetailView.swift in Sources */,
				86BE52C128E9E56900FE29FF /* HomeCore.swift in Sources */,
				86BE52CB28E9E5C600FE29FF /* CoordinatorCore.swift in Sources */,
				86BE52AE28E9E4C800FE29FF /* TCACoordinatorPracticeApp.swift in Sources */,
				86BE52C528E9E58B00FE29FF /* DetailCore.swift in Sources */,
			);
			runOnlyForDeploymentPostprocessing = 0;
		};
/* End PBXSourcesBuildPhase section */

/* Begin XCBuildConfiguration section */
		86BE52B628E9E4C900FE29FF /* Debug */ = {
			isa = XCBuildConfiguration;
			buildSettings = {
				ALWAYS_SEARCH_USER_PATHS = NO;
				CLANG_ANALYZER_NONNULL = YES;
				CLANG_ANALYZER_NUMBER_OBJECT_CONVERSION = YES_AGGRESSIVE;
				CLANG_CXX_LANGUAGE_STANDARD = "gnu++20";
				CLANG_ENABLE_MODULES = YES;
				CLANG_ENABLE_OBJC_ARC = YES;
				CLANG_ENABLE_OBJC_WEAK = YES;
				CLANG_WARN_BLOCK_CAPTURE_AUTORELEASING = YES;
				CLANG_WARN_BOOL_CONVERSION = YES;
				CLANG_WARN_COMMA = YES;
				CLANG_WARN_CONSTANT_CONVERSION = YES;
				CLANG_WARN_DEPRECATED_OBJC_IMPLEMENTATIONS = YES;
				CLANG_WARN_DIRECT_OBJC_ISA_USAGE = YES_ERROR;
				CLANG_WARN_DOCUMENTATION_COMMENTS = YES;
				CLANG_WARN_EMPTY_BODY = YES;
				CLANG_WARN_ENUM_CONVERSION = YES;
				CLANG_WARN_INFINITE_RECURSION = YES;
				CLANG_WARN_INT_CONVERSION = YES;
				CLANG_WARN_NON_LITERAL_NULL_CONVERSION = YES;
				CLANG_WARN_OBJC_IMPLICIT_RETAIN_SELF = YES;
				CLANG_WARN_OBJC_LITERAL_CONVERSION = YES;
				CLANG_WARN_OBJC_ROOT_CLASS = YES_ERROR;
				CLANG_WARN_QUOTED_INCLUDE_IN_FRAMEWORK_HEADER = YES;
				CLANG_WARN_RANGE_LOOP_ANALYSIS = YES;
				CLANG_WARN_STRICT_PROTOTYPES = YES;
				CLANG_WARN_SUSPICIOUS_MOVE = YES;
				CLANG_WARN_UNGUARDED_AVAILABILITY = YES_AGGRESSIVE;
				CLANG_WARN_UNREACHABLE_CODE = YES;
				CLANG_WARN__DUPLICATE_METHOD_MATCH = YES;
				COPY_PHASE_STRIP = NO;
				DEBUG_INFORMATION_FORMAT = dwarf;
				ENABLE_STRICT_OBJC_MSGSEND = YES;
				ENABLE_TESTABILITY = YES;
				GCC_C_LANGUAGE_STANDARD = gnu11;
				GCC_DYNAMIC_NO_PIC = NO;
				GCC_NO_COMMON_BLOCKS = YES;
				GCC_OPTIMIZATION_LEVEL = 0;
				GCC_PREPROCESSOR_DEFINITIONS = (
					"DEBUG=1",
					"$(inherited)",
				);
				GCC_WARN_64_TO_32_BIT_CONVERSION = YES;
				GCC_WARN_ABOUT_RETURN_TYPE = YES_ERROR;
				GCC_WARN_UNDECLARED_SELECTOR = YES;
				GCC_WARN_UNINITIALIZED_AUTOS = YES_AGGRESSIVE;
				GCC_WARN_UNUSED_FUNCTION = YES;
				GCC_WARN_UNUSED_VARIABLE = YES;
				IPHONEOS_DEPLOYMENT_TARGET = 16.0;
				MTL_ENABLE_DEBUG_INFO = INCLUDE_SOURCE;
				MTL_FAST_MATH = YES;
				ONLY_ACTIVE_ARCH = YES;
				SDKROOT = iphoneos;
				SWIFT_ACTIVE_COMPILATION_CONDITIONS = DEBUG;
				SWIFT_OPTIMIZATION_LEVEL = "-Onone";
			};
			name = Debug;
		};
		86BE52B728E9E4C900FE29FF /* Release */ = {
			isa = XCBuildConfiguration;
			buildSettings = {
				ALWAYS_SEARCH_USER_PATHS = NO;
				CLANG_ANALYZER_NONNULL = YES;
				CLANG_ANALYZER_NUMBER_OBJECT_CONVERSION = YES_AGGRESSIVE;
				CLANG_CXX_LANGUAGE_STANDARD = "gnu++20";
				CLANG_ENABLE_MODULES = YES;
				CLANG_ENABLE_OBJC_ARC = YES;
				CLANG_ENABLE_OBJC_WEAK = YES;
				CLANG_WARN_BLOCK_CAPTURE_AUTORELEASING = YES;
				CLANG_WARN_BOOL_CONVERSION = YES;
				CLANG_WARN_COMMA = YES;
				CLANG_WARN_CONSTANT_CONVERSION = YES;
				CLANG_WARN_DEPRECATED_OBJC_IMPLEMENTATIONS = YES;
				CLANG_WARN_DIRECT_OBJC_ISA_USAGE = YES_ERROR;
				CLANG_WARN_DOCUMENTATION_COMMENTS = YES;
				CLANG_WARN_EMPTY_BODY = YES;
				CLANG_WARN_ENUM_CONVERSION = YES;
				CLANG_WARN_INFINITE_RECURSION = YES;
				CLANG_WARN_INT_CONVERSION = YES;
				CLANG_WARN_NON_LITERAL_NULL_CONVERSION = YES;
				CLANG_WARN_OBJC_IMPLICIT_RETAIN_SELF = YES;
				CLANG_WARN_OBJC_LITERAL_CONVERSION = YES;
				CLANG_WARN_OBJC_ROOT_CLASS = YES_ERROR;
				CLANG_WARN_QUOTED_INCLUDE_IN_FRAMEWORK_HEADER = YES;
				CLANG_WARN_RANGE_LOOP_ANALYSIS = YES;
				CLANG_WARN_STRICT_PROTOTYPES = YES;
				CLANG_WARN_SUSPICIOUS_MOVE = YES;
				CLANG_WARN_UNGUARDED_AVAILABILITY = YES_AGGRESSIVE;
				CLANG_WARN_UNREACHABLE_CODE = YES;
				CLANG_WARN__DUPLICATE_METHOD_MATCH = YES;
				COPY_PHASE_STRIP = NO;
				DEBUG_INFORMATION_FORMAT = "dwarf-with-dsym";
				ENABLE_NS_ASSERTIONS = NO;
				ENABLE_STRICT_OBJC_MSGSEND = YES;
				GCC_C_LANGUAGE_STANDARD = gnu11;
				GCC_NO_COMMON_BLOCKS = YES;
				GCC_WARN_64_TO_32_BIT_CONVERSION = YES;
				GCC_WARN_ABOUT_RETURN_TYPE = YES_ERROR;
				GCC_WARN_UNDECLARED_SELECTOR = YES;
				GCC_WARN_UNINITIALIZED_AUTOS = YES_AGGRESSIVE;
				GCC_WARN_UNUSED_FUNCTION = YES;
				GCC_WARN_UNUSED_VARIABLE = YES;
				IPHONEOS_DEPLOYMENT_TARGET = 16.0;
				MTL_ENABLE_DEBUG_INFO = NO;
				MTL_FAST_MATH = YES;
				SDKROOT = iphoneos;
				SWIFT_COMPILATION_MODE = wholemodule;
				SWIFT_OPTIMIZATION_LEVEL = "-O";
				VALIDATE_PRODUCT = YES;
			};
			name = Release;
		};
		86BE52B928E9E4C900FE29FF /* Debug */ = {
			isa = XCBuildConfiguration;
			buildSettings = {
				ASSETCATALOG_COMPILER_APPICON_NAME = AppIcon;
				ASSETCATALOG_COMPILER_GLOBAL_ACCENT_COLOR_NAME = AccentColor;
				CODE_SIGN_STYLE = Automatic;
				CURRENT_PROJECT_VERSION = 1;
				DEVELOPMENT_ASSET_PATHS = "\"TCACoordinatorPractice/Preview Content\"";
				DEVELOPMENT_TEAM = YB5KQCLMY6;
				ENABLE_PREVIEWS = YES;
				GENERATE_INFOPLIST_FILE = YES;
				INFOPLIST_KEY_UIApplicationSceneManifest_Generation = YES;
				INFOPLIST_KEY_UIApplicationSupportsIndirectInputEvents = YES;
				INFOPLIST_KEY_UILaunchScreen_Generation = YES;
				INFOPLIST_KEY_UISupportedInterfaceOrientations_iPad = "UIInterfaceOrientationPortrait UIInterfaceOrientationPortraitUpsideDown UIInterfaceOrientationLandscapeLeft UIInterfaceOrientationLandscapeRight";
				INFOPLIST_KEY_UISupportedInterfaceOrientations_iPhone = "UIInterfaceOrientationPortrait UIInterfaceOrientationLandscapeLeft UIInterfaceOrientationLandscapeRight";
				LD_RUNPATH_SEARCH_PATHS = (
					"$(inherited)",
					"@executable_path/Frameworks",
				);
				MARKETING_VERSION = 1.0;
				PRODUCT_BUNDLE_IDENTIFIER = joohan.TCACoordinatorPractice;
				PRODUCT_NAME = "$(TARGET_NAME)";
				SWIFT_EMIT_LOC_STRINGS = YES;
				SWIFT_VERSION = 5.0;
				TARGETED_DEVICE_FAMILY = "1,2";
			};
			name = Debug;
		};
		86BE52BA28E9E4C900FE29FF /* Release */ = {
			isa = XCBuildConfiguration;
			buildSettings = {
				ASSETCATALOG_COMPILER_APPICON_NAME = AppIcon;
				ASSETCATALOG_COMPILER_GLOBAL_ACCENT_COLOR_NAME = AccentColor;
				CODE_SIGN_STYLE = Automatic;
				CURRENT_PROJECT_VERSION = 1;
				DEVELOPMENT_ASSET_PATHS = "\"TCACoordinatorPractice/Preview Content\"";
				DEVELOPMENT_TEAM = YB5KQCLMY6;
				ENABLE_PREVIEWS = YES;
				GENERATE_INFOPLIST_FILE = YES;
				INFOPLIST_KEY_UIApplicationSceneManifest_Generation = YES;
				INFOPLIST_KEY_UIApplicationSupportsIndirectInputEvents = YES;
				INFOPLIST_KEY_UILaunchScreen_Generation = YES;
				INFOPLIST_KEY_UISupportedInterfaceOrientations_iPad = "UIInterfaceOrientationPortrait UIInterfaceOrientationPortraitUpsideDown UIInterfaceOrientationLandscapeLeft UIInterfaceOrientationLandscapeRight";
				INFOPLIST_KEY_UISupportedInterfaceOrientations_iPhone = "UIInterfaceOrientationPortrait UIInterfaceOrientationLandscapeLeft UIInterfaceOrientationLandscapeRight";
				LD_RUNPATH_SEARCH_PATHS = (
					"$(inherited)",
					"@executable_path/Frameworks",
				);
				MARKETING_VERSION = 1.0;
				PRODUCT_BUNDLE_IDENTIFIER = joohan.TCACoordinatorPractice;
				PRODUCT_NAME = "$(TARGET_NAME)";
				SWIFT_EMIT_LOC_STRINGS = YES;
				SWIFT_VERSION = 5.0;
				TARGETED_DEVICE_FAMILY = "1,2";
			};
			name = Release;
		};
/* End XCBuildConfiguration section */

/* Begin XCConfigurationList section */
		86BE52A528E9E4C800FE29FF /* Build configuration list for PBXProject "TCACoordinatorPractice" */ = {
			isa = XCConfigurationList;
			buildConfigurations = (
				86BE52B628E9E4C900FE29FF /* Debug */,
				86BE52B728E9E4C900FE29FF /* Release */,
			);
			defaultConfigurationIsVisible = 0;
			defaultConfigurationName = Release;
		};
		86BE52B828E9E4C900FE29FF /* Build configuration list for PBXNativeTarget "TCACoordinatorPractice" */ = {
			isa = XCConfigurationList;
			buildConfigurations = (
				86BE52B928E9E4C900FE29FF /* Debug */,
				86BE52BA28E9E4C900FE29FF /* Release */,
			);
			defaultConfigurationIsVisible = 0;
			defaultConfigurationName = Release;
		};
/* End XCConfigurationList section */

/* Begin XCRemoteSwiftPackageReference section */
		86BE52CC28E9E5E000FE29FF /* XCRemoteSwiftPackageReference "TCACoordinators" */ = {
			isa = XCRemoteSwiftPackageReference;
			repositoryURL = "https://github.com/johnpatrickmorgan/TCACoordinators";
			requirement = {
				kind = upToNextMajorVersion;
				minimumVersion = 0.2.2;
			};
		};
/* End XCRemoteSwiftPackageReference section */

/* Begin XCSwiftPackageProductDependency section */
		86BE52CD28E9E5E000FE29FF /* TCACoordinators */ = {
			isa = XCSwiftPackageProductDependency;
			package = 86BE52CC28E9E5E000FE29FF /* XCRemoteSwiftPackageReference "TCACoordinators" */;
			productName = TCACoordinators;
		};
/* End XCSwiftPackageProductDependency section */
	};
	rootObject = 86BE52A228E9E4C800FE29FF /* Project object */;
}
