// !$*UTF8*$!
{
	archiveVersion = 1;
	classes = {
	};
	objectVersion = 56;
	objects = {

/* Begin PBXBuildFile section */
		867958D2290B2BDD001D5C7F /* CombineTutorialApp.swift in Sources */ = {isa = PBXBuildFile; fileRef = 867958D1290B2BDD001D5C7F /* CombineTutorialApp.swift */; };
		867958D4290B2BDD001D5C7F /* ContentView.swift in Sources */ = {isa = PBXBuildFile; fileRef = 867958D3290B2BDD001D5C7F /* ContentView.swift */; };
		867958D6290B2BDE001D5C7F /* Assets.xcassets in Resources */ = {isa = PBXBuildFile; fileRef = 867958D5290B2BDE001D5C7F /* Assets.xcassets */; };
		867958D9290B2BDE001D5C7F /* Preview Assets.xcassets in Resources */ = {isa = PBXBuildFile; fileRef = 867958D8290B2BDE001D5C7F /* Preview Assets.xcassets */; };
		867958E3290B2BDF001D5C7F /* CombineTutorialTests.swift in Sources */ = {isa = PBXBuildFile; fileRef = 867958E2290B2BDF001D5C7F /* CombineTutorialTests.swift */; };
		867958ED290B2BDF001D5C7F /* CombineTutorialUITests.swift in Sources */ = {isa = PBXBuildFile; fileRef = 867958EC290B2BDF001D5C7F /* CombineTutorialUITests.swift */; };
		867958EF290B2BDF001D5C7F /* CombineTutorialUITestsLaunchTests.swift in Sources */ = {isa = PBXBuildFile; fileRef = 867958EE290B2BDF001D5C7F /* CombineTutorialUITestsLaunchTests.swift */; };
/* End PBXBuildFile section */

/* Begin PBXContainerItemProxy section */
		867958DF290B2BDF001D5C7F /* PBXContainerItemProxy */ = {
			isa = PBXContainerItemProxy;
			containerPortal = 867958C6290B2BDD001D5C7F /* Project object */;
			proxyType = 1;
			remoteGlobalIDString = 867958CD290B2BDD001D5C7F;
			remoteInfo = CombineTutorial;
		};
		867958E9290B2BDF001D5C7F /* PBXContainerItemProxy */ = {
			isa = PBXContainerItemProxy;
			containerPortal = 867958C6290B2BDD001D5C7F /* Project object */;
			proxyType = 1;
			remoteGlobalIDString = 867958CD290B2BDD001D5C7F;
			remoteInfo = CombineTutorial;
		};
/* End PBXContainerItemProxy section */

/* Begin PBXFileReference section */
		867958CE290B2BDD001D5C7F /* CombineTutorial.app */ = {isa = PBXFileReference; explicitFileType = wrapper.application; includeInIndex = 0; path = CombineTutorial.app; sourceTree = BUILT_PRODUCTS_DIR; };
		867958D1290B2BDD001D5C7F /* CombineTutorialApp.swift */ = {isa = PBXFileReference; lastKnownFileType = sourcecode.swift; path = CombineTutorialApp.swift; sourceTree = "<group>"; };
		867958D3290B2BDD001D5C7F /* ContentView.swift */ = {isa = PBXFileReference; lastKnownFileType = sourcecode.swift; path = ContentView.swift; sourceTree = "<group>"; };
		867958D5290B2BDE001D5C7F /* Assets.xcassets */ = {isa = PBXFileReference; lastKnownFileType = folder.assetcatalog; path = Assets.xcassets; sourceTree = "<group>"; };
		867958D8290B2BDE001D5C7F /* Preview Assets.xcassets */ = {isa = PBXFileReference; lastKnownFileType = folder.assetcatalog; path = "Preview Assets.xcassets"; sourceTree = "<group>"; };
		867958DE290B2BDF001D5C7F /* CombineTutorialTests.xctest */ = {isa = PBXFileReference; explicitFileType = wrapper.cfbundle; includeInIndex = 0; path = CombineTutorialTests.xctest; sourceTree = BUILT_PRODUCTS_DIR; };
		867958E2290B2BDF001D5C7F /* CombineTutorialTests.swift */ = {isa = PBXFileReference; lastKnownFileType = sourcecode.swift; path = CombineTutorialTests.swift; sourceTree = "<group>"; };
		867958E8290B2BDF001D5C7F /* CombineTutorialUITests.xctest */ = {isa = PBXFileReference; explicitFileType = wrapper.cfbundle; includeInIndex = 0; path = CombineTutorialUITests.xctest; sourceTree = BUILT_PRODUCTS_DIR; };
		867958EC290B2BDF001D5C7F /* CombineTutorialUITests.swift */ = {isa = PBXFileReference; lastKnownFileType = sourcecode.swift; path = CombineTutorialUITests.swift; sourceTree = "<group>"; };
		867958EE290B2BDF001D5C7F /* CombineTutorialUITestsLaunchTests.swift */ = {isa = PBXFileReference; lastKnownFileType = sourcecode.swift; path = CombineTutorialUITestsLaunchTests.swift; sourceTree = "<group>"; };
		867958FB290B2C4D001D5C7F /* 리액티브이해.md */ = {isa = PBXFileReference; lastKnownFileType = net.daringfireball.markdown; path = "리액티브이해.md"; sourceTree = "<group>"; };
/* End PBXFileReference section */

/* Begin PBXFrameworksBuildPhase section */
		867958CB290B2BDD001D5C7F /* Frameworks */ = {
			isa = PBXFrameworksBuildPhase;
			buildActionMask = 2147483647;
			files = (
			);
			runOnlyForDeploymentPostprocessing = 0;
		};
		867958DB290B2BDF001D5C7F /* Frameworks */ = {
			isa = PBXFrameworksBuildPhase;
			buildActionMask = 2147483647;
			files = (
			);
			runOnlyForDeploymentPostprocessing = 0;
		};
		867958E5290B2BDF001D5C7F /* Frameworks */ = {
			isa = PBXFrameworksBuildPhase;
			buildActionMask = 2147483647;
			files = (
			);
			runOnlyForDeploymentPostprocessing = 0;
		};
/* End PBXFrameworksBuildPhase section */

/* Begin PBXGroup section */
		867958C5290B2BDD001D5C7F = {
			isa = PBXGroup;
			children = (
				867958D0290B2BDD001D5C7F /* CombineTutorial */,
				867958E1290B2BDF001D5C7F /* CombineTutorialTests */,
				867958EB290B2BDF001D5C7F /* CombineTutorialUITests */,
				867958CF290B2BDD001D5C7F /* Products */,
			);
			sourceTree = "<group>";
		};
		867958CF290B2BDD001D5C7F /* Products */ = {
			isa = PBXGroup;
			children = (
				867958CE290B2BDD001D5C7F /* CombineTutorial.app */,
				867958DE290B2BDF001D5C7F /* CombineTutorialTests.xctest */,
				867958E8290B2BDF001D5C7F /* CombineTutorialUITests.xctest */,
			);
			name = Products;
			sourceTree = "<group>";
		};
		867958D0290B2BDD001D5C7F /* CombineTutorial */ = {
			isa = PBXGroup;
			children = (
				867958D1290B2BDD001D5C7F /* CombineTutorialApp.swift */,
				867958D3290B2BDD001D5C7F /* ContentView.swift */,
				867958FB290B2C4D001D5C7F /* 리액티브이해.md */,
				867958D5290B2BDE001D5C7F /* Assets.xcassets */,
				867958D7290B2BDE001D5C7F /* Preview Content */,
			);
			path = CombineTutorial;
			sourceTree = "<group>";
		};
		867958D7290B2BDE001D5C7F /* Preview Content */ = {
			isa = PBXGroup;
			children = (
				867958D8290B2BDE001D5C7F /* Preview Assets.xcassets */,
			);
			path = "Preview Content";
			sourceTree = "<group>";
		};
		867958E1290B2BDF001D5C7F /* CombineTutorialTests */ = {
			isa = PBXGroup;
			children = (
				867958E2290B2BDF001D5C7F /* CombineTutorialTests.swift */,
			);
			path = CombineTutorialTests;
			sourceTree = "<group>";
		};
		867958EB290B2BDF001D5C7F /* CombineTutorialUITests */ = {
			isa = PBXGroup;
			children = (
				867958EC290B2BDF001D5C7F /* CombineTutorialUITests.swift */,
				867958EE290B2BDF001D5C7F /* CombineTutorialUITestsLaunchTests.swift */,
			);
			path = CombineTutorialUITests;
			sourceTree = "<group>";
		};
/* End PBXGroup section */

/* Begin PBXNativeTarget section */
		867958CD290B2BDD001D5C7F /* CombineTutorial */ = {
			isa = PBXNativeTarget;
			buildConfigurationList = 867958F2290B2BDF001D5C7F /* Build configuration list for PBXNativeTarget "CombineTutorial" */;
			buildPhases = (
				867958CA290B2BDD001D5C7F /* Sources */,
				867958CB290B2BDD001D5C7F /* Frameworks */,
				867958CC290B2BDD001D5C7F /* Resources */,
			);
			buildRules = (
			);
			dependencies = (
			);
			name = CombineTutorial;
			productName = CombineTutorial;
			productReference = 867958CE290B2BDD001D5C7F /* CombineTutorial.app */;
			productType = "com.apple.product-type.application";
		};
		867958DD290B2BDF001D5C7F /* CombineTutorialTests */ = {
			isa = PBXNativeTarget;
			buildConfigurationList = 867958F5290B2BDF001D5C7F /* Build configuration list for PBXNativeTarget "CombineTutorialTests" */;
			buildPhases = (
				867958DA290B2BDF001D5C7F /* Sources */,
				867958DB290B2BDF001D5C7F /* Frameworks */,
				867958DC290B2BDF001D5C7F /* Resources */,
			);
			buildRules = (
			);
			dependencies = (
				867958E0290B2BDF001D5C7F /* PBXTargetDependency */,
			);
			name = CombineTutorialTests;
			productName = CombineTutorialTests;
			productReference = 867958DE290B2BDF001D5C7F /* CombineTutorialTests.xctest */;
			productType = "com.apple.product-type.bundle.unit-test";
		};
		867958E7290B2BDF001D5C7F /* CombineTutorialUITests */ = {
			isa = PBXNativeTarget;
			buildConfigurationList = 867958F8290B2BDF001D5C7F /* Build configuration list for PBXNativeTarget "CombineTutorialUITests" */;
			buildPhases = (
				867958E4290B2BDF001D5C7F /* Sources */,
				867958E5290B2BDF001D5C7F /* Frameworks */,
				867958E6290B2BDF001D5C7F /* Resources */,
			);
			buildRules = (
			);
			dependencies = (
				867958EA290B2BDF001D5C7F /* PBXTargetDependency */,
			);
			name = CombineTutorialUITests;
			productName = CombineTutorialUITests;
			productReference = 867958E8290B2BDF001D5C7F /* CombineTutorialUITests.xctest */;
			productType = "com.apple.product-type.bundle.ui-testing";
		};
/* End PBXNativeTarget section */

/* Begin PBXProject section */
		867958C6290B2BDD001D5C7F /* Project object */ = {
			isa = PBXProject;
			attributes = {
				BuildIndependentTargetsInParallel = 1;
				LastSwiftUpdateCheck = 1400;
				LastUpgradeCheck = 1400;
				TargetAttributes = {
					867958CD290B2BDD001D5C7F = {
						CreatedOnToolsVersion = 14.0.1;
					};
					867958DD290B2BDF001D5C7F = {
						CreatedOnToolsVersion = 14.0.1;
						TestTargetID = 867958CD290B2BDD001D5C7F;
					};
					867958E7290B2BDF001D5C7F = {
						CreatedOnToolsVersion = 14.0.1;
						TestTargetID = 867958CD290B2BDD001D5C7F;
					};
				};
			};
			buildConfigurationList = 867958C9290B2BDD001D5C7F /* Build configuration list for PBXProject "CombineTutorial" */;
			compatibilityVersion = "Xcode 14.0";
			developmentRegion = en;
			hasScannedForEncodings = 0;
			knownRegions = (
				en,
				Base,
			);
			mainGroup = 867958C5290B2BDD001D5C7F;
			productRefGroup = 867958CF290B2BDD001D5C7F /* Products */;
			projectDirPath = "";
			projectRoot = "";
			targets = (
				867958CD290B2BDD001D5C7F /* CombineTutorial */,
				867958DD290B2BDF001D5C7F /* CombineTutorialTests */,
				867958E7290B2BDF001D5C7F /* CombineTutorialUITests */,
			);
		};
/* End PBXProject section */

/* Begin PBXResourcesBuildPhase section */
		867958CC290B2BDD001D5C7F /* Resources */ = {
			isa = PBXResourcesBuildPhase;
			buildActionMask = 2147483647;
			files = (
				867958D9290B2BDE001D5C7F /* Preview Assets.xcassets in Resources */,
				867958D6290B2BDE001D5C7F /* Assets.xcassets in Resources */,
			);
			runOnlyForDeploymentPostprocessing = 0;
		};
		867958DC290B2BDF001D5C7F /* Resources */ = {
			isa = PBXResourcesBuildPhase;
			buildActionMask = 2147483647;
			files = (
			);
			runOnlyForDeploymentPostprocessing = 0;
		};
		867958E6290B2BDF001D5C7F /* Resources */ = {
			isa = PBXResourcesBuildPhase;
			buildActionMask = 2147483647;
			files = (
			);
			runOnlyForDeploymentPostprocessing = 0;
		};
/* End PBXResourcesBuildPhase section */

/* Begin PBXSourcesBuildPhase section */
		867958CA290B2BDD001D5C7F /* Sources */ = {
			isa = PBXSourcesBuildPhase;
			buildActionMask = 2147483647;
			files = (
				867958D4290B2BDD001D5C7F /* ContentView.swift in Sources */,
				867958D2290B2BDD001D5C7F /* CombineTutorialApp.swift in Sources */,
			);
			runOnlyForDeploymentPostprocessing = 0;
		};
		867958DA290B2BDF001D5C7F /* Sources */ = {
			isa = PBXSourcesBuildPhase;
			buildActionMask = 2147483647;
			files = (
				867958E3290B2BDF001D5C7F /* CombineTutorialTests.swift in Sources */,
			);
			runOnlyForDeploymentPostprocessing = 0;
		};
		867958E4290B2BDF001D5C7F /* Sources */ = {
			isa = PBXSourcesBuildPhase;
			buildActionMask = 2147483647;
			files = (
				867958EF290B2BDF001D5C7F /* CombineTutorialUITestsLaunchTests.swift in Sources */,
				867958ED290B2BDF001D5C7F /* CombineTutorialUITests.swift in Sources */,
			);
			runOnlyForDeploymentPostprocessing = 0;
		};
/* End PBXSourcesBuildPhase section */

/* Begin PBXTargetDependency section */
		867958E0290B2BDF001D5C7F /* PBXTargetDependency */ = {
			isa = PBXTargetDependency;
			target = 867958CD290B2BDD001D5C7F /* CombineTutorial */;
			targetProxy = 867958DF290B2BDF001D5C7F /* PBXContainerItemProxy */;
		};
		867958EA290B2BDF001D5C7F /* PBXTargetDependency */ = {
			isa = PBXTargetDependency;
			target = 867958CD290B2BDD001D5C7F /* CombineTutorial */;
			targetProxy = 867958E9290B2BDF001D5C7F /* PBXContainerItemProxy */;
		};
/* End PBXTargetDependency section */

/* Begin XCBuildConfiguration section */
		867958F0290B2BDF001D5C7F /* Debug */ = {
			isa = XCBuildConfiguration;
			buildSettings = {
				ALWAYS_SEARCH_USER_PATHS = NO;
				CLANG_ANALYZER_NONNULL = YES;
				CLANG_ANALYZER_NUMBER_OBJECT_CONVERSION = YES_AGGRESSIVE;
				CLANG_CXX_LANGUAGE_STANDARD = "gnu++20";
				CLANG_ENABLE_MODULES = YES;
				CLANG_ENABLE_OBJC_ARC = YES;
				CLANG_ENABLE_OBJC_WEAK = YES;
				CLANG_WARN_BLOCK_CAPTURE_AUTORELEASING = YES;
				CLANG_WARN_BOOL_CONVERSION = YES;
				CLANG_WARN_COMMA = YES;
				CLANG_WARN_CONSTANT_CONVERSION = YES;
				CLANG_WARN_DEPRECATED_OBJC_IMPLEMENTATIONS = YES;
				CLANG_WARN_DIRECT_OBJC_ISA_USAGE = YES_ERROR;
				CLANG_WARN_DOCUMENTATION_COMMENTS = YES;
				CLANG_WARN_EMPTY_BODY = YES;
				CLANG_WARN_ENUM_CONVERSION = YES;
				CLANG_WARN_INFINITE_RECURSION = YES;
				CLANG_WARN_INT_CONVERSION = YES;
				CLANG_WARN_NON_LITERAL_NULL_CONVERSION = YES;
				CLANG_WARN_OBJC_IMPLICIT_RETAIN_SELF = YES;
				CLANG_WARN_OBJC_LITERAL_CONVERSION = YES;
				CLANG_WARN_OBJC_ROOT_CLASS = YES_ERROR;
				CLANG_WARN_QUOTED_INCLUDE_IN_FRAMEWORK_HEADER = YES;
				CLANG_WARN_RANGE_LOOP_ANALYSIS = YES;
				CLANG_WARN_STRICT_PROTOTYPES = YES;
				CLANG_WARN_SUSPICIOUS_MOVE = YES;
				CLANG_WARN_UNGUARDED_AVAILABILITY = YES_AGGRESSIVE;
				CLANG_WARN_UNREACHABLE_CODE = YES;
				CLANG_WARN__DUPLICATE_METHOD_MATCH = YES;
				COPY_PHASE_STRIP = NO;
				DEBUG_INFORMATION_FORMAT = dwarf;
				ENABLE_STRICT_OBJC_MSGSEND = YES;
				ENABLE_TESTABILITY = YES;
				GCC_C_LANGUAGE_STANDARD = gnu11;
				GCC_DYNAMIC_NO_PIC = NO;
				GCC_NO_COMMON_BLOCKS = YES;
				GCC_OPTIMIZATION_LEVEL = 0;
				GCC_PREPROCESSOR_DEFINITIONS = (
					"DEBUG=1",
					"$(inherited)",
				);
				GCC_WARN_64_TO_32_BIT_CONVERSION = YES;
				GCC_WARN_ABOUT_RETURN_TYPE = YES_ERROR;
				GCC_WARN_UNDECLARED_SELECTOR = YES;
				GCC_WARN_UNINITIALIZED_AUTOS = YES_AGGRESSIVE;
				GCC_WARN_UNUSED_FUNCTION = YES;
				GCC_WARN_UNUSED_VARIABLE = YES;
				IPHONEOS_DEPLOYMENT_TARGET = 16.0;
				MTL_ENABLE_DEBUG_INFO = INCLUDE_SOURCE;
				MTL_FAST_MATH = YES;
				ONLY_ACTIVE_ARCH = YES;
				SDKROOT = iphoneos;
				SWIFT_ACTIVE_COMPILATION_CONDITIONS = DEBUG;
				SWIFT_OPTIMIZATION_LEVEL = "-Onone";
			};
			name = Debug;
		};
		867958F1290B2BDF001D5C7F /* Release */ = {
			isa = XCBuildConfiguration;
			buildSettings = {
				ALWAYS_SEARCH_USER_PATHS = NO;
				CLANG_ANALYZER_NONNULL = YES;
				CLANG_ANALYZER_NUMBER_OBJECT_CONVERSION = YES_AGGRESSIVE;
				CLANG_CXX_LANGUAGE_STANDARD = "gnu++20";
				CLANG_ENABLE_MODULES = YES;
				CLANG_ENABLE_OBJC_ARC = YES;
				CLANG_ENABLE_OBJC_WEAK = YES;
				CLANG_WARN_BLOCK_CAPTURE_AUTORELEASING = YES;
				CLANG_WARN_BOOL_CONVERSION = YES;
				CLANG_WARN_COMMA = YES;
				CLANG_WARN_CONSTANT_CONVERSION = YES;
				CLANG_WARN_DEPRECATED_OBJC_IMPLEMENTATIONS = YES;
				CLANG_WARN_DIRECT_OBJC_ISA_USAGE = YES_ERROR;
				CLANG_WARN_DOCUMENTATION_COMMENTS = YES;
				CLANG_WARN_EMPTY_BODY = YES;
				CLANG_WARN_ENUM_CONVERSION = YES;
				CLANG_WARN_INFINITE_RECURSION = YES;
				CLANG_WARN_INT_CONVERSION = YES;
				CLANG_WARN_NON_LITERAL_NULL_CONVERSION = YES;
				CLANG_WARN_OBJC_IMPLICIT_RETAIN_SELF = YES;
				CLANG_WARN_OBJC_LITERAL_CONVERSION = YES;
				CLANG_WARN_OBJC_ROOT_CLASS = YES_ERROR;
				CLANG_WARN_QUOTED_INCLUDE_IN_FRAMEWORK_HEADER = YES;
				CLANG_WARN_RANGE_LOOP_ANALYSIS = YES;
				CLANG_WARN_STRICT_PROTOTYPES = YES;
				CLANG_WARN_SUSPICIOUS_MOVE = YES;
				CLANG_WARN_UNGUARDED_AVAILABILITY = YES_AGGRESSIVE;
				CLANG_WARN_UNREACHABLE_CODE = YES;
				CLANG_WARN__DUPLICATE_METHOD_MATCH = YES;
				COPY_PHASE_STRIP = NO;
				DEBUG_INFORMATION_FORMAT = "dwarf-with-dsym";
				ENABLE_NS_ASSERTIONS = NO;
				ENABLE_STRICT_OBJC_MSGSEND = YES;
				GCC_C_LANGUAGE_STANDARD = gnu11;
				GCC_NO_COMMON_BLOCKS = YES;
				GCC_WARN_64_TO_32_BIT_CONVERSION = YES;
				GCC_WARN_ABOUT_RETURN_TYPE = YES_ERROR;
				GCC_WARN_UNDECLARED_SELECTOR = YES;
				GCC_WARN_UNINITIALIZED_AUTOS = YES_AGGRESSIVE;
				GCC_WARN_UNUSED_FUNCTION = YES;
				GCC_WARN_UNUSED_VARIABLE = YES;
				IPHONEOS_DEPLOYMENT_TARGET = 16.0;
				MTL_ENABLE_DEBUG_INFO = NO;
				MTL_FAST_MATH = YES;
				SDKROOT = iphoneos;
				SWIFT_COMPILATION_MODE = wholemodule;
				SWIFT_OPTIMIZATION_LEVEL = "-O";
				VALIDATE_PRODUCT = YES;
			};
			name = Release;
		};
		867958F3290B2BDF001D5C7F /* Debug */ = {
			isa = XCBuildConfiguration;
			buildSettings = {
				ASSETCATALOG_COMPILER_APPICON_NAME = AppIcon;
				ASSETCATALOG_COMPILER_GLOBAL_ACCENT_COLOR_NAME = AccentColor;
				CODE_SIGN_STYLE = Automatic;
				CURRENT_PROJECT_VERSION = 1;
				DEVELOPMENT_ASSET_PATHS = "\"CombineTutorial/Preview Content\"";
				DEVELOPMENT_TEAM = YB5KQCLMY6;
				ENABLE_PREVIEWS = YES;
				GENERATE_INFOPLIST_FILE = YES;
				INFOPLIST_KEY_UIApplicationSceneManifest_Generation = YES;
				INFOPLIST_KEY_UIApplicationSupportsIndirectInputEvents = YES;
				INFOPLIST_KEY_UILaunchScreen_Generation = YES;
				INFOPLIST_KEY_UISupportedInterfaceOrientations_iPad = "UIInterfaceOrientationPortrait UIInterfaceOrientationPortraitUpsideDown UIInterfaceOrientationLandscapeLeft UIInterfaceOrientationLandscapeRight";
				INFOPLIST_KEY_UISupportedInterfaceOrientations_iPhone = "UIInterfaceOrientationPortrait UIInterfaceOrientationLandscapeLeft UIInterfaceOrientationLandscapeRight";
				LD_RUNPATH_SEARCH_PATHS = (
					"$(inherited)",
					"@executable_path/Frameworks",
				);
				MARKETING_VERSION = 1.0;
				PRODUCT_BUNDLE_IDENTIFIER = joohan.CombineTutorial;
				PRODUCT_NAME = "$(TARGET_NAME)";
				SWIFT_EMIT_LOC_STRINGS = YES;
				SWIFT_VERSION = 5.0;
				TARGETED_DEVICE_FAMILY = "1,2";
			};
			name = Debug;
		};
		867958F4290B2BDF001D5C7F /* Release */ = {
			isa = XCBuildConfiguration;
			buildSettings = {
				ASSETCATALOG_COMPILER_APPICON_NAME = AppIcon;
				ASSETCATALOG_COMPILER_GLOBAL_ACCENT_COLOR_NAME = AccentColor;
				CODE_SIGN_STYLE = Automatic;
				CURRENT_PROJECT_VERSION = 1;
				DEVELOPMENT_ASSET_PATHS = "\"CombineTutorial/Preview Content\"";
				DEVELOPMENT_TEAM = YB5KQCLMY6;
				ENABLE_PREVIEWS = YES;
				GENERATE_INFOPLIST_FILE = YES;
				INFOPLIST_KEY_UIApplicationSceneManifest_Generation = YES;
				INFOPLIST_KEY_UIApplicationSupportsIndirectInputEvents = YES;
				INFOPLIST_KEY_UILaunchScreen_Generation = YES;
				INFOPLIST_KEY_UISupportedInterfaceOrientations_iPad = "UIInterfaceOrientationPortrait UIInterfaceOrientationPortraitUpsideDown UIInterfaceOrientationLandscapeLeft UIInterfaceOrientationLandscapeRight";
				INFOPLIST_KEY_UISupportedInterfaceOrientations_iPhone = "UIInterfaceOrientationPortrait UIInterfaceOrientationLandscapeLeft UIInterfaceOrientationLandscapeRight";
				LD_RUNPATH_SEARCH_PATHS = (
					"$(inherited)",
					"@executable_path/Frameworks",
				);
				MARKETING_VERSION = 1.0;
				PRODUCT_BUNDLE_IDENTIFIER = joohan.CombineTutorial;
				PRODUCT_NAME = "$(TARGET_NAME)";
				SWIFT_EMIT_LOC_STRINGS = YES;
				SWIFT_VERSION = 5.0;
				TARGETED_DEVICE_FAMILY = "1,2";
			};
			name = Release;
		};
		867958F6290B2BDF001D5C7F /* Debug */ = {
			isa = XCBuildConfiguration;
			buildSettings = {
				ALWAYS_EMBED_SWIFT_STANDARD_LIBRARIES = YES;
				BUNDLE_LOADER = "$(TEST_HOST)";
				CODE_SIGN_STYLE = Automatic;
				CURRENT_PROJECT_VERSION = 1;
				DEVELOPMENT_TEAM = YB5KQCLMY6;
				GENERATE_INFOPLIST_FILE = YES;
				IPHONEOS_DEPLOYMENT_TARGET = 16.0;
				MARKETING_VERSION = 1.0;
				PRODUCT_BUNDLE_IDENTIFIER = joohan.CombineTutorialTests;
				PRODUCT_NAME = "$(TARGET_NAME)";
				SWIFT_EMIT_LOC_STRINGS = NO;
				SWIFT_VERSION = 5.0;
				TARGETED_DEVICE_FAMILY = "1,2";
				TEST_HOST = "$(BUILT_PRODUCTS_DIR)/CombineTutorial.app/$(BUNDLE_EXECUTABLE_FOLDER_PATH)/CombineTutorial";
			};
			name = Debug;
		};
		867958F7290B2BDF001D5C7F /* Release */ = {
			isa = XCBuildConfiguration;
			buildSettings = {
				ALWAYS_EMBED_SWIFT_STANDARD_LIBRARIES = YES;
				BUNDLE_LOADER = "$(TEST_HOST)";
				CODE_SIGN_STYLE = Automatic;
				CURRENT_PROJECT_VERSION = 1;
				DEVELOPMENT_TEAM = YB5KQCLMY6;
				GENERATE_INFOPLIST_FILE = YES;
				IPHONEOS_DEPLOYMENT_TARGET = 16.0;
				MARKETING_VERSION = 1.0;
				PRODUCT_BUNDLE_IDENTIFIER = joohan.CombineTutorialTests;
				PRODUCT_NAME = "$(TARGET_NAME)";
				SWIFT_EMIT_LOC_STRINGS = NO;
				SWIFT_VERSION = 5.0;
				TARGETED_DEVICE_FAMILY = "1,2";
				TEST_HOST = "$(BUILT_PRODUCTS_DIR)/CombineTutorial.app/$(BUNDLE_EXECUTABLE_FOLDER_PATH)/CombineTutorial";
			};
			name = Release;
		};
		867958F9290B2BDF001D5C7F /* Debug */ = {
			isa = XCBuildConfiguration;
			buildSettings = {
				ALWAYS_EMBED_SWIFT_STANDARD_LIBRARIES = YES;
				CODE_SIGN_STYLE = Automatic;
				CURRENT_PROJECT_VERSION = 1;
				DEVELOPMENT_TEAM = YB5KQCLMY6;
				GENERATE_INFOPLIST_FILE = YES;
				MARKETING_VERSION = 1.0;
				PRODUCT_BUNDLE_IDENTIFIER = joohan.CombineTutorialUITests;
				PRODUCT_NAME = "$(TARGET_NAME)";
				SWIFT_EMIT_LOC_STRINGS = NO;
				SWIFT_VERSION = 5.0;
				TARGETED_DEVICE_FAMILY = "1,2";
				TEST_TARGET_NAME = CombineTutorial;
			};
			name = Debug;
		};
		867958FA290B2BDF001D5C7F /* Release */ = {
			isa = XCBuildConfiguration;
			buildSettings = {
				ALWAYS_EMBED_SWIFT_STANDARD_LIBRARIES = YES;
				CODE_SIGN_STYLE = Automatic;
				CURRENT_PROJECT_VERSION = 1;
				DEVELOPMENT_TEAM = YB5KQCLMY6;
				GENERATE_INFOPLIST_FILE = YES;
				MARKETING_VERSION = 1.0;
				PRODUCT_BUNDLE_IDENTIFIER = joohan.CombineTutorialUITests;
				PRODUCT_NAME = "$(TARGET_NAME)";
				SWIFT_EMIT_LOC_STRINGS = NO;
				SWIFT_VERSION = 5.0;
				TARGETED_DEVICE_FAMILY = "1,2";
				TEST_TARGET_NAME = CombineTutorial;
			};
			name = Release;
		};
/* End XCBuildConfiguration section */

/* Begin XCConfigurationList section */
		867958C9290B2BDD001D5C7F /* Build configuration list for PBXProject "CombineTutorial" */ = {
			isa = XCConfigurationList;
			buildConfigurations = (
				867958F0290B2BDF001D5C7F /* Debug */,
				867958F1290B2BDF001D5C7F /* Release */,
			);
			defaultConfigurationIsVisible = 0;
			defaultConfigurationName = Release;
		};
		867958F2290B2BDF001D5C7F /* Build configuration list for PBXNativeTarget "CombineTutorial" */ = {
			isa = XCConfigurationList;
			buildConfigurations = (
				867958F3290B2BDF001D5C7F /* Debug */,
				867958F4290B2BDF001D5C7F /* Release */,
			);
			defaultConfigurationIsVisible = 0;
			defaultConfigurationName = Release;
		};
		867958F5290B2BDF001D5C7F /* Build configuration list for PBXNativeTarget "CombineTutorialTests" */ = {
			isa = XCConfigurationList;
			buildConfigurations = (
				867958F6290B2BDF001D5C7F /* Debug */,
				867958F7290B2BDF001D5C7F /* Release */,
			);
			defaultConfigurationIsVisible = 0;
			defaultConfigurationName = Release;
		};
		867958F8290B2BDF001D5C7F /* Build configuration list for PBXNativeTarget "CombineTutorialUITests" */ = {
			isa = XCConfigurationList;
			buildConfigurations = (
				867958F9290B2BDF001D5C7F /* Debug */,
				867958FA290B2BDF001D5C7F /* Release */,
			);
			defaultConfigurationIsVisible = 0;
			defaultConfigurationName = Release;
		};
/* End XCConfigurationList section */
	};
	rootObject = 867958C6290B2BDD001D5C7F /* Project object */;
}
