// !$*UTF8*$!
{
	archiveVersion = 1;
	classes = {
	};
	objectVersion = 56;
	objects = {

/* Begin PBXBuildFile section */
		865BE52C28ED4F1000305899 /* TCACoordinators in Frameworks */ = {isa = PBXBuildFile; productRef = 865BE52B28ED4F1000305899 /* TCACoordinators */; };
		8671469A28E04280000B585A /* TCAPracticeApp.swift in Sources */ = {isa = PBXBuildFile; fileRef = 8671469928E04280000B585A /* TCAPracticeApp.swift */; };
		8671469C28E04280000B585A /* CounterView.swift in Sources */ = {isa = PBXBuildFile; fileRef = 8671469B28E04280000B585A /* CounterView.swift */; };
		8671469E28E04281000B585A /* Assets.xcassets in Resources */ = {isa = PBXBuildFile; fileRef = 8671469D28E04281000B585A /* Assets.xcassets */; };
		867146A128E04281000B585A /* Preview Assets.xcassets in Resources */ = {isa = PBXBuildFile; fileRef = 867146A028E04281000B585A /* Preview Assets.xcassets */; };
		867146AB28E132F3000B585A /* MemoModel.swift in Sources */ = {isa = PBXBuildFile; fileRef = 867146AA28E132F3000B585A /* MemoModel.swift */; };
		867146AD28E13490000B585A /* MemoClient.swift in Sources */ = {isa = PBXBuildFile; fileRef = 867146AC28E13490000B585A /* MemoClient.swift */; };
		867146AF28E13CED000B585A /* MemoView.swift in Sources */ = {isa = PBXBuildFile; fileRef = 867146AE28E13CED000B585A /* MemoView.swift */; };
/* End PBXBuildFile section */

/* Begin PBXFileReference section */
		8671469628E04280000B585A /* TCAPractice.app */ = {isa = PBXFileReference; explicitFileType = wrapper.application; includeInIndex = 0; path = TCAPractice.app; sourceTree = BUILT_PRODUCTS_DIR; };
		8671469928E04280000B585A /* TCAPracticeApp.swift */ = {isa = PBXFileReference; lastKnownFileType = sourcecode.swift; path = TCAPracticeApp.swift; sourceTree = "<group>"; };
		8671469B28E04280000B585A /* CounterView.swift */ = {isa = PBXFileReference; lastKnownFileType = sourcecode.swift; path = CounterView.swift; sourceTree = "<group>"; };
		8671469D28E04281000B585A /* Assets.xcassets */ = {isa = PBXFileReference; lastKnownFileType = folder.assetcatalog; path = Assets.xcassets; sourceTree = "<group>"; };
		867146A028E04281000B585A /* Preview Assets.xcassets */ = {isa = PBXFileReference; lastKnownFileType = folder.assetcatalog; path = "Preview Assets.xcassets"; sourceTree = "<group>"; };
		867146AA28E132F3000B585A /* MemoModel.swift */ = {isa = PBXFileReference; lastKnownFileType = sourcecode.swift; path = MemoModel.swift; sourceTree = "<group>"; };
		867146AC28E13490000B585A /* MemoClient.swift */ = {isa = PBXFileReference; lastKnownFileType = sourcecode.swift; path = MemoClient.swift; sourceTree = "<group>"; };
		867146AE28E13CED000B585A /* MemoView.swift */ = {isa = PBXFileReference; lastKnownFileType = sourcecode.swift; path = MemoView.swift; sourceTree = "<group>"; };
		867146B028E1F068000B585A /* Info.plist */ = {isa = PBXFileReference; lastKnownFileType = text.plist; path = Info.plist; sourceTree = "<group>"; };
		86B3BB9A293F7A7100C47F22 /* CircleButtonView.swift */ = {isa = PBXFileReference; lastKnownFileType = sourcecode.swift; path = CircleButtonView.swift; sourceTree = "<group>"; };
		86B3BB9B293F7A7100C47F22 /* CircleButtonAnimationView.swift */ = {isa = PBXFileReference; lastKnownFileType = sourcecode.swift; path = CircleButtonAnimationView.swift; sourceTree = "<group>"; };
		86B3BB9D293F7A7100C47F22 /* CoinImageView.swift */ = {isa = PBXFileReference; lastKnownFileType = sourcecode.swift; path = CoinImageView.swift; sourceTree = "<group>"; };
		86B3BB9F293F7A7100C47F22 /* SettingCore.swift */ = {isa = PBXFileReference; lastKnownFileType = sourcecode.swift; path = SettingCore.swift; sourceTree = "<group>"; };
		86B3BBA0293F7A7100C47F22 /* SettingSideEffect.swift */ = {isa = PBXFileReference; lastKnownFileType = sourcecode.swift; path = SettingSideEffect.swift; sourceTree = "<group>"; };
		86B3BBA1293F7A7100C47F22 /* SettingRouteBbuilder.swift */ = {isa = PBXFileReference; lastKnownFileType = sourcecode.swift; path = SettingRouteBbuilder.swift; sourceTree = "<group>"; };
		86B3BBA2293F7A7100C47F22 /* SettingView.swift */ = {isa = PBXFileReference; lastKnownFileType = sourcecode.swift; path = SettingView.swift; sourceTree = "<group>"; };
		86B3BBA4293F7A7100C47F22 /* MainCoinSideEffect.swift */ = {isa = PBXFileReference; lastKnownFileType = sourcecode.swift; path = MainCoinSideEffect.swift; sourceTree = "<group>"; };
		86B3BBA5293F7A7100C47F22 /* MainCoinRouteBbuilder.swift */ = {isa = PBXFileReference; lastKnownFileType = sourcecode.swift; path = MainCoinRouteBbuilder.swift; sourceTree = "<group>"; };
		86B3BBA7293F7A7100C47F22 /* HomeView.swift */ = {isa = PBXFileReference; lastKnownFileType = sourcecode.swift; path = HomeView.swift; sourceTree = "<group>"; };
		86B3BBA8293F7A7100C47F22 /* CoinRowView.swift */ = {isa = PBXFileReference; lastKnownFileType = sourcecode.swift; path = CoinRowView.swift; sourceTree = "<group>"; };
		86B3BBA9293F7A7100C47F22 /* PortfolioView.swift */ = {isa = PBXFileReference; lastKnownFileType = sourcecode.swift; path = PortfolioView.swift; sourceTree = "<group>"; };
		86B3BBAA293F7A7100C47F22 /* MainCoinCore.swift */ = {isa = PBXFileReference; lastKnownFileType = sourcecode.swift; path = MainCoinCore.swift; sourceTree = "<group>"; };
		86B3BBAC293F7A7100C47F22 /* PreviewProvider.swift */ = {isa = PBXFileReference; lastKnownFileType = sourcecode.swift; path = PreviewProvider.swift; sourceTree = "<group>"; };
		86B3BBAD293F7A7100C47F22 /* Color.swift */ = {isa = PBXFileReference; lastKnownFileType = sourcecode.swift; path = Color.swift; sourceTree = "<group>"; };
		86B3BBAE293F7A7100C47F22 /* Assets.xcassets */ = {isa = PBXFileReference; lastKnownFileType = folder.assetcatalog; path = Assets.xcassets; sourceTree = "<group>"; };
		86B3BBB0293F7A7100C47F22 /* CoinsProvider.swift */ = {isa = PBXFileReference; lastKnownFileType = sourcecode.swift; path = CoinsProvider.swift; sourceTree = "<group>"; };
		86B3BBB1293F7A7100C47F22 /* Provider.swift */ = {isa = PBXFileReference; lastKnownFileType = sourcecode.swift; path = Provider.swift; sourceTree = "<group>"; };
		86B3BBB2293F7A7100C47F22 /* AppSideEffect.swift */ = {isa = PBXFileReference; lastKnownFileType = sourcecode.swift; path = AppSideEffect.swift; sourceTree = "<group>"; };
		86B3BBB4293F7A7100C47F22 /* CoinModel.swift */ = {isa = PBXFileReference; lastKnownFileType = sourcecode.swift; path = CoinModel.swift; sourceTree = "<group>"; };
		86B3BBB6293F7A7100C47F22 /* CoinsClient.swift */ = {isa = PBXFileReference; lastKnownFileType = sourcecode.swift; path = CoinsClient.swift; sourceTree = "<group>"; };
		86B3BBB8293F7A7100C47F22 /* Preview Assets.xcassets */ = {isa = PBXFileReference; lastKnownFileType = folder.assetcatalog; path = "Preview Assets.xcassets"; sourceTree = "<group>"; };
		86B3BBB9293F7A7100C47F22 /* AppRouterGroup.swift */ = {isa = PBXFileReference; lastKnownFileType = sourcecode.swift; path = AppRouterGroup.swift; sourceTree = "<group>"; };
		86B3BBBA293F7A7100C47F22 /* AppDelegate.swift */ = {isa = PBXFileReference; lastKnownFileType = sourcecode.swift; path = AppDelegate.swift; sourceTree = "<group>"; };
		86B3BBBB293F7A7100C47F22 /* AppMain.swift */ = {isa = PBXFileReference; lastKnownFileType = sourcecode.swift; path = AppMain.swift; sourceTree = "<group>"; };
/* End PBXFileReference section */

/* Begin PBXFrameworksBuildPhase section */
		8671469328E04280000B585A /* Frameworks */ = {
			isa = PBXFrameworksBuildPhase;
			buildActionMask = 2147483647;
			files = (
				865BE52C28ED4F1000305899 /* TCACoordinators in Frameworks */,
			);
			runOnlyForDeploymentPostprocessing = 0;
		};
/* End PBXFrameworksBuildPhase section */

/* Begin PBXGroup section */
		8671468D28E04280000B585A = {
			isa = PBXGroup;
			children = (
				86B3BB96293F7A7100C47F22 /* TCAProject */,
				8671469828E04280000B585A /* TCAPractice */,
				8671469728E04280000B585A /* Products */,
			);
			sourceTree = "<group>";
		};
		8671469728E04280000B585A /* Products */ = {
			isa = PBXGroup;
			children = (
				8671469628E04280000B585A /* TCAPractice.app */,
			);
			name = Products;
			sourceTree = "<group>";
		};
		8671469828E04280000B585A /* TCAPractice */ = {
			isa = PBXGroup;
			children = (
				867146B028E1F068000B585A /* Info.plist */,
				8671469928E04280000B585A /* TCAPracticeApp.swift */,
				867146AA28E132F3000B585A /* MemoModel.swift */,
				867146AC28E13490000B585A /* MemoClient.swift */,
				867146AE28E13CED000B585A /* MemoView.swift */,
				8671469B28E04280000B585A /* CounterView.swift */,
				8671469D28E04281000B585A /* Assets.xcassets */,
				8671469F28E04281000B585A /* Preview Content */,
			);
			path = TCAPractice;
			sourceTree = "<group>";
		};
		8671469F28E04281000B585A /* Preview Content */ = {
			isa = PBXGroup;
			children = (
				867146A028E04281000B585A /* Preview Assets.xcassets */,
			);
			path = "Preview Content";
			sourceTree = "<group>";
		};
		86B3BB96293F7A7100C47F22 /* TCAProject */ = {
			isa = PBXGroup;
			children = (
				86B3BB97293F7A7100C47F22 /* Core */,
				86B3BBAB293F7A7100C47F22 /* Extension */,
				86B3BBAE293F7A7100C47F22 /* Assets.xcassets */,
				86B3BBAF293F7A7100C47F22 /* Provider */,
				86B3BBB2293F7A7100C47F22 /* AppSideEffect.swift */,
				86B3BBB3293F7A7100C47F22 /* Models */,
				86B3BBB7293F7A7100C47F22 /* Preview Content */,
				86B3BBB9293F7A7100C47F22 /* AppRouterGroup.swift */,
				86B3BBBA293F7A7100C47F22 /* AppDelegate.swift */,
				86B3BBBB293F7A7100C47F22 /* AppMain.swift */,
			);
			path = TCAProject;
			sourceTree = "<group>";
		};
		86B3BB97293F7A7100C47F22 /* Core */ = {
			isa = PBXGroup;
			children = (
				86B3BB98293F7A7100C47F22 /* Components */,
				86B3BB9E293F7A7100C47F22 /* Setting */,
				86B3BBA3293F7A7100C47F22 /* MainCoin */,
			);
			path = Core;
			sourceTree = "<group>";
		};
		86B3BB98293F7A7100C47F22 /* Components */ = {
			isa = PBXGroup;
			children = (
				86B3BB99293F7A7100C47F22 /* CircleButton */,
				86B3BB9C293F7A7100C47F22 /* Image */,
			);
			path = Components;
			sourceTree = "<group>";
		};
		86B3BB99293F7A7100C47F22 /* CircleButton */ = {
			isa = PBXGroup;
			children = (
				86B3BB9A293F7A7100C47F22 /* CircleButtonView.swift */,
				86B3BB9B293F7A7100C47F22 /* CircleButtonAnimationView.swift */,
			);
			path = CircleButton;
			sourceTree = "<group>";
		};
		86B3BB9C293F7A7100C47F22 /* Image */ = {
			isa = PBXGroup;
			children = (
				86B3BB9D293F7A7100C47F22 /* CoinImageView.swift */,
			);
			path = Image;
			sourceTree = "<group>";
		};
		86B3BB9E293F7A7100C47F22 /* Setting */ = {
			isa = PBXGroup;
			children = (
				86B3BB9F293F7A7100C47F22 /* SettingCore.swift */,
				86B3BBA0293F7A7100C47F22 /* SettingSideEffect.swift */,
				86B3BBA1293F7A7100C47F22 /* SettingRouteBbuilder.swift */,
				86B3BBA2293F7A7100C47F22 /* SettingView.swift */,
			);
			path = Setting;
			sourceTree = "<group>";
		};
		86B3BBA3293F7A7100C47F22 /* MainCoin */ = {
			isa = PBXGroup;
			children = (
				86B3BBA4293F7A7100C47F22 /* MainCoinSideEffect.swift */,
				86B3BBA5293F7A7100C47F22 /* MainCoinRouteBbuilder.swift */,
				86B3BBA6293F7A7100C47F22 /* MainCoinViews */,
				86B3BBAA293F7A7100C47F22 /* MainCoinCore.swift */,
			);
			path = MainCoin;
			sourceTree = "<group>";
		};
		86B3BBA6293F7A7100C47F22 /* MainCoinViews */ = {
			isa = PBXGroup;
			children = (
				86B3BBA7293F7A7100C47F22 /* HomeView.swift */,
				86B3BBA8293F7A7100C47F22 /* CoinRowView.swift */,
				86B3BBA9293F7A7100C47F22 /* PortfolioView.swift */,
			);
			path = MainCoinViews;
			sourceTree = "<group>";
		};
		86B3BBAB293F7A7100C47F22 /* Extension */ = {
			isa = PBXGroup;
			children = (
				86B3BBAC293F7A7100C47F22 /* PreviewProvider.swift */,
				86B3BBAD293F7A7100C47F22 /* Color.swift */,
			);
			path = Extension;
			sourceTree = "<group>";
		};
		86B3BBAF293F7A7100C47F22 /* Provider */ = {
			isa = PBXGroup;
			children = (
				86B3BBB0293F7A7100C47F22 /* CoinsProvider.swift */,
				86B3BBB1293F7A7100C47F22 /* Provider.swift */,
			);
			path = Provider;
			sourceTree = "<group>";
		};
		86B3BBB3293F7A7100C47F22 /* Models */ = {
			isa = PBXGroup;
			children = (
				86B3BBB4293F7A7100C47F22 /* CoinModel.swift */,
				86B3BBB5293F7A7100C47F22 /* Client */,
			);
			path = Models;
			sourceTree = "<group>";
		};
		86B3BBB5293F7A7100C47F22 /* Client */ = {
			isa = PBXGroup;
			children = (
				86B3BBB6293F7A7100C47F22 /* CoinsClient.swift */,
			);
			path = Client;
			sourceTree = "<group>";
		};
		86B3BBB7293F7A7100C47F22 /* Preview Content */ = {
			isa = PBXGroup;
			children = (
				86B3BBB8293F7A7100C47F22 /* Preview Assets.xcassets */,
			);
			path = "Preview Content";
			sourceTree = "<group>";
		};
/* End PBXGroup section */

/* Begin PBXNativeTarget section */
		8671469528E04280000B585A /* TCAPractice */ = {
			isa = PBXNativeTarget;
			buildConfigurationList = 867146A428E04281000B585A /* Build configuration list for PBXNativeTarget "TCAPractice" */;
			buildPhases = (
				8671469228E04280000B585A /* Sources */,
				8671469328E04280000B585A /* Frameworks */,
				8671469428E04280000B585A /* Resources */,
			);
			buildRules = (
			);
			dependencies = (
			);
			name = TCAPractice;
			packageProductDependencies = (
				865BE52B28ED4F1000305899 /* TCACoordinators */,
			);
			productName = TCAPractice;
			productReference = 8671469628E04280000B585A /* TCAPractice.app */;
			productType = "com.apple.product-type.application";
		};
/* End PBXNativeTarget section */

/* Begin PBXProject section */
		8671468E28E04280000B585A /* Project object */ = {
			isa = PBXProject;
			attributes = {
				BuildIndependentTargetsInParallel = 1;
				LastSwiftUpdateCheck = 1400;
				LastUpgradeCheck = 1400;
				TargetAttributes = {
					8671469528E04280000B585A = {
						CreatedOnToolsVersion = 14.0;
					};
				};
			};
			buildConfigurationList = 8671469128E04280000B585A /* Build configuration list for PBXProject "TCAPractice" */;
			compatibilityVersion = "Xcode 14.0";
			developmentRegion = en;
			hasScannedForEncodings = 0;
			knownRegions = (
				en,
				Base,
			);
			mainGroup = 8671468D28E04280000B585A;
			packageReferences = (
				865BE52A28ED4F1000305899 /* XCRemoteSwiftPackageReference "TCACoordinators" */,
			);
			productRefGroup = 8671469728E04280000B585A /* Products */;
			projectDirPath = "";
			projectRoot = "";
			targets = (
				8671469528E04280000B585A /* TCAPractice */,
			);
		};
/* End PBXProject section */

/* Begin PBXResourcesBuildPhase section */
		8671469428E04280000B585A /* Resources */ = {
			isa = PBXResourcesBuildPhase;
			buildActionMask = 2147483647;
			files = (
				867146A128E04281000B585A /* Preview Assets.xcassets in Resources */,
				8671469E28E04281000B585A /* Assets.xcassets in Resources */,
			);
			runOnlyForDeploymentPostprocessing = 0;
		};
/* End PBXResourcesBuildPhase section */

/* Begin PBXSourcesBuildPhase section */
		8671469228E04280000B585A /* Sources */ = {
			isa = PBXSourcesBuildPhase;
			buildActionMask = 2147483647;
			files = (
				867146AF28E13CED000B585A /* MemoView.swift in Sources */,
				867146AD28E13490000B585A /* MemoClient.swift in Sources */,
				8671469C28E04280000B585A /* CounterView.swift in Sources */,
				8671469A28E04280000B585A /* TCAPracticeApp.swift in Sources */,
				867146AB28E132F3000B585A /* MemoModel.swift in Sources */,
			);
			runOnlyForDeploymentPostprocessing = 0;
		};
/* End PBXSourcesBuildPhase section */

/* Begin XCBuildConfiguration section */
		867146A228E04281000B585A /* Debug */ = {
			isa = XCBuildConfiguration;
			buildSettings = {
				ALWAYS_SEARCH_USER_PATHS = NO;
				CLANG_ANALYZER_NONNULL = YES;
				CLANG_ANALYZER_NUMBER_OBJECT_CONVERSION = YES_AGGRESSIVE;
				CLANG_CXX_LANGUAGE_STANDARD = "gnu++20";
				CLANG_ENABLE_MODULES = YES;
				CLANG_ENABLE_OBJC_ARC = YES;
				CLANG_ENABLE_OBJC_WEAK = YES;
				CLANG_WARN_BLOCK_CAPTURE_AUTORELEASING = YES;
				CLANG_WARN_BOOL_CONVERSION = YES;
				CLANG_WARN_COMMA = YES;
				CLANG_WARN_CONSTANT_CONVERSION = YES;
				CLANG_WARN_DEPRECATED_OBJC_IMPLEMENTATIONS = YES;
				CLANG_WARN_DIRECT_OBJC_ISA_USAGE = YES_ERROR;
				CLANG_WARN_DOCUMENTATION_COMMENTS = YES;
				CLANG_WARN_EMPTY_BODY = YES;
				CLANG_WARN_ENUM_CONVERSION = YES;
				CLANG_WARN_INFINITE_RECURSION = YES;
				CLANG_WARN_INT_CONVERSION = YES;
				CLANG_WARN_NON_LITERAL_NULL_CONVERSION = YES;
				CLANG_WARN_OBJC_IMPLICIT_RETAIN_SELF = YES;
				CLANG_WARN_OBJC_LITERAL_CONVERSION = YES;
				CLANG_WARN_OBJC_ROOT_CLASS = YES_ERROR;
				CLANG_WARN_QUOTED_INCLUDE_IN_FRAMEWORK_HEADER = YES;
				CLANG_WARN_RANGE_LOOP_ANALYSIS = YES;
				CLANG_WARN_STRICT_PROTOTYPES = YES;
				CLANG_WARN_SUSPICIOUS_MOVE = YES;
				CLANG_WARN_UNGUARDED_AVAILABILITY = YES_AGGRESSIVE;
				CLANG_WARN_UNREACHABLE_CODE = YES;
				CLANG_WARN__DUPLICATE_METHOD_MATCH = YES;
				COPY_PHASE_STRIP = NO;
				DEBUG_INFORMATION_FORMAT = dwarf;
				ENABLE_STRICT_OBJC_MSGSEND = YES;
				ENABLE_TESTABILITY = YES;
				GCC_C_LANGUAGE_STANDARD = gnu11;
				GCC_DYNAMIC_NO_PIC = NO;
				GCC_NO_COMMON_BLOCKS = YES;
				GCC_OPTIMIZATION_LEVEL = 0;
				GCC_PREPROCESSOR_DEFINITIONS = (
					"DEBUG=1",
					"$(inherited)",
				);
				GCC_WARN_64_TO_32_BIT_CONVERSION = YES;
				GCC_WARN_ABOUT_RETURN_TYPE = YES_ERROR;
				GCC_WARN_UNDECLARED_SELECTOR = YES;
				GCC_WARN_UNINITIALIZED_AUTOS = YES_AGGRESSIVE;
				GCC_WARN_UNUSED_FUNCTION = YES;
				GCC_WARN_UNUSED_VARIABLE = YES;
				IPHONEOS_DEPLOYMENT_TARGET = 16.0;
				MTL_ENABLE_DEBUG_INFO = INCLUDE_SOURCE;
				MTL_FAST_MATH = YES;
				ONLY_ACTIVE_ARCH = YES;
				SDKROOT = iphoneos;
				SWIFT_ACTIVE_COMPILATION_CONDITIONS = DEBUG;
				SWIFT_OPTIMIZATION_LEVEL = "-Onone";
			};
			name = Debug;
		};
		867146A328E04281000B585A /* Release */ = {
			isa = XCBuildConfiguration;
			buildSettings = {
				ALWAYS_SEARCH_USER_PATHS = NO;
				CLANG_ANALYZER_NONNULL = YES;
				CLANG_ANALYZER_NUMBER_OBJECT_CONVERSION = YES_AGGRESSIVE;
				CLANG_CXX_LANGUAGE_STANDARD = "gnu++20";
				CLANG_ENABLE_MODULES = YES;
				CLANG_ENABLE_OBJC_ARC = YES;
				CLANG_ENABLE_OBJC_WEAK = YES;
				CLANG_WARN_BLOCK_CAPTURE_AUTORELEASING = YES;
				CLANG_WARN_BOOL_CONVERSION = YES;
				CLANG_WARN_COMMA = YES;
				CLANG_WARN_CONSTANT_CONVERSION = YES;
				CLANG_WARN_DEPRECATED_OBJC_IMPLEMENTATIONS = YES;
				CLANG_WARN_DIRECT_OBJC_ISA_USAGE = YES_ERROR;
				CLANG_WARN_DOCUMENTATION_COMMENTS = YES;
				CLANG_WARN_EMPTY_BODY = YES;
				CLANG_WARN_ENUM_CONVERSION = YES;
				CLANG_WARN_INFINITE_RECURSION = YES;
				CLANG_WARN_INT_CONVERSION = YES;
				CLANG_WARN_NON_LITERAL_NULL_CONVERSION = YES;
				CLANG_WARN_OBJC_IMPLICIT_RETAIN_SELF = YES;
				CLANG_WARN_OBJC_LITERAL_CONVERSION = YES;
				CLANG_WARN_OBJC_ROOT_CLASS = YES_ERROR;
				CLANG_WARN_QUOTED_INCLUDE_IN_FRAMEWORK_HEADER = YES;
				CLANG_WARN_RANGE_LOOP_ANALYSIS = YES;
				CLANG_WARN_STRICT_PROTOTYPES = YES;
				CLANG_WARN_SUSPICIOUS_MOVE = YES;
				CLANG_WARN_UNGUARDED_AVAILABILITY = YES_AGGRESSIVE;
				CLANG_WARN_UNREACHABLE_CODE = YES;
				CLANG_WARN__DUPLICATE_METHOD_MATCH = YES;
				COPY_PHASE_STRIP = NO;
				DEBUG_INFORMATION_FORMAT = "dwarf-with-dsym";
				ENABLE_NS_ASSERTIONS = NO;
				ENABLE_STRICT_OBJC_MSGSEND = YES;
				GCC_C_LANGUAGE_STANDARD = gnu11;
				GCC_NO_COMMON_BLOCKS = YES;
				GCC_WARN_64_TO_32_BIT_CONVERSION = YES;
				GCC_WARN_ABOUT_RETURN_TYPE = YES_ERROR;
				GCC_WARN_UNDECLARED_SELECTOR = YES;
				GCC_WARN_UNINITIALIZED_AUTOS = YES_AGGRESSIVE;
				GCC_WARN_UNUSED_FUNCTION = YES;
				GCC_WARN_UNUSED_VARIABLE = YES;
				IPHONEOS_DEPLOYMENT_TARGET = 16.0;
				MTL_ENABLE_DEBUG_INFO = NO;
				MTL_FAST_MATH = YES;
				SDKROOT = iphoneos;
				SWIFT_COMPILATION_MODE = wholemodule;
				SWIFT_OPTIMIZATION_LEVEL = "-O";
				VALIDATE_PRODUCT = YES;
			};
			name = Release;
		};
		867146A528E04281000B585A /* Debug */ = {
			isa = XCBuildConfiguration;
			buildSettings = {
				ASSETCATALOG_COMPILER_APPICON_NAME = AppIcon;
				ASSETCATALOG_COMPILER_GLOBAL_ACCENT_COLOR_NAME = AccentColor;
				CODE_SIGN_STYLE = Automatic;
				CURRENT_PROJECT_VERSION = 1;
				DEVELOPMENT_ASSET_PATHS = "\"TCAPractice/Preview Content\"";
				DEVELOPMENT_TEAM = YB5KQCLMY6;
				ENABLE_PREVIEWS = YES;
				GENERATE_INFOPLIST_FILE = YES;
				INFOPLIST_FILE = TCAPractice/Info.plist;
				INFOPLIST_KEY_UIApplicationSceneManifest_Generation = YES;
				INFOPLIST_KEY_UIApplicationSupportsIndirectInputEvents = YES;
				INFOPLIST_KEY_UILaunchScreen_Generation = YES;
				INFOPLIST_KEY_UISupportedInterfaceOrientations_iPad = "UIInterfaceOrientationPortrait UIInterfaceOrientationPortraitUpsideDown UIInterfaceOrientationLandscapeLeft UIInterfaceOrientationLandscapeRight";
				INFOPLIST_KEY_UISupportedInterfaceOrientations_iPhone = "UIInterfaceOrientationPortrait UIInterfaceOrientationLandscapeLeft UIInterfaceOrientationLandscapeRight";
				LD_RUNPATH_SEARCH_PATHS = (
					"$(inherited)",
					"@executable_path/Frameworks",
				);
				MARKETING_VERSION = 1.0;
				PRODUCT_BUNDLE_IDENTIFIER = joohan.TCAPractice;
				PRODUCT_NAME = "$(TARGET_NAME)";
				SWIFT_EMIT_LOC_STRINGS = YES;
				SWIFT_VERSION = 5.0;
				TARGETED_DEVICE_FAMILY = "1,2";
			};
			name = Debug;
		};
		867146A628E04281000B585A /* Release */ = {
			isa = XCBuildConfiguration;
			buildSettings = {
				ASSETCATALOG_COMPILER_APPICON_NAME = AppIcon;
				ASSETCATALOG_COMPILER_GLOBAL_ACCENT_COLOR_NAME = AccentColor;
				CODE_SIGN_STYLE = Automatic;
				CURRENT_PROJECT_VERSION = 1;
				DEVELOPMENT_ASSET_PATHS = "\"TCAPractice/Preview Content\"";
				DEVELOPMENT_TEAM = YB5KQCLMY6;
				ENABLE_PREVIEWS = YES;
				GENERATE_INFOPLIST_FILE = YES;
				INFOPLIST_FILE = TCAPractice/Info.plist;
				INFOPLIST_KEY_UIApplicationSceneManifest_Generation = YES;
				INFOPLIST_KEY_UIApplicationSupportsIndirectInputEvents = YES;
				INFOPLIST_KEY_UILaunchScreen_Generation = YES;
				INFOPLIST_KEY_UISupportedInterfaceOrientations_iPad = "UIInterfaceOrientationPortrait UIInterfaceOrientationPortraitUpsideDown UIInterfaceOrientationLandscapeLeft UIInterfaceOrientationLandscapeRight";
				INFOPLIST_KEY_UISupportedInterfaceOrientations_iPhone = "UIInterfaceOrientationPortrait UIInterfaceOrientationLandscapeLeft UIInterfaceOrientationLandscapeRight";
				LD_RUNPATH_SEARCH_PATHS = (
					"$(inherited)",
					"@executable_path/Frameworks",
				);
				MARKETING_VERSION = 1.0;
				PRODUCT_BUNDLE_IDENTIFIER = joohan.TCAPractice;
				PRODUCT_NAME = "$(TARGET_NAME)";
				SWIFT_EMIT_LOC_STRINGS = YES;
				SWIFT_VERSION = 5.0;
				TARGETED_DEVICE_FAMILY = "1,2";
			};
			name = Release;
		};
/* End XCBuildConfiguration section */

/* Begin XCConfigurationList section */
		8671469128E04280000B585A /* Build configuration list for PBXProject "TCAPractice" */ = {
			isa = XCConfigurationList;
			buildConfigurations = (
				867146A228E04281000B585A /* Debug */,
				867146A328E04281000B585A /* Release */,
			);
			defaultConfigurationIsVisible = 0;
			defaultConfigurationName = Release;
		};
		867146A428E04281000B585A /* Build configuration list for PBXNativeTarget "TCAPractice" */ = {
			isa = XCConfigurationList;
			buildConfigurations = (
				867146A528E04281000B585A /* Debug */,
				867146A628E04281000B585A /* Release */,
			);
			defaultConfigurationIsVisible = 0;
			defaultConfigurationName = Release;
		};
/* End XCConfigurationList section */

/* Begin XCRemoteSwiftPackageReference section */
		865BE52A28ED4F1000305899 /* XCRemoteSwiftPackageReference "TCACoordinators" */ = {
			isa = XCRemoteSwiftPackageReference;
			repositoryURL = "https://github.com/johnpatrickmorgan/TCACoordinators";
			requirement = {
				kind = upToNextMajorVersion;
				minimumVersion = 0.2.2;
			};
		};
/* End XCRemoteSwiftPackageReference section */

/* Begin XCSwiftPackageProductDependency section */
		865BE52B28ED4F1000305899 /* TCACoordinators */ = {
			isa = XCSwiftPackageProductDependency;
			package = 865BE52A28ED4F1000305899 /* XCRemoteSwiftPackageReference "TCACoordinators" */;
			productName = TCACoordinators;
		};
/* End XCSwiftPackageProductDependency section */
	};
	rootObject = 8671468E28E04280000B585A /* Project object */;
}
