// !$*UTF8*$!
{
	archiveVersion = 1;
	classes = {
	};
	objectVersion = 56;
	objects = {

/* Begin PBXBuildFile section */
		869890D8295EA9CD00429129 /* UnitTestApp.swift in Sources */ = {isa = PBXBuildFile; fileRef = 869890D7295EA9CD00429129 /* UnitTestApp.swift */; };
		869890DA295EA9CD00429129 /* UnitTestView.swift in Sources */ = {isa = PBXBuildFile; fileRef = 869890D9295EA9CD00429129 /* UnitTestView.swift */; };
		869890DC295EA9CE00429129 /* Assets.xcassets in Resources */ = {isa = PBXBuildFile; fileRef = 869890DB295EA9CE00429129 /* Assets.xcassets */; };
		869890DF295EA9CE00429129 /* Preview Assets.xcassets in Resources */ = {isa = PBXBuildFile; fileRef = 869890DE295EA9CE00429129 /* Preview Assets.xcassets */; };
		869890E6295EACA600429129 /* UnitTestViewModel.swift in Sources */ = {isa = PBXBuildFile; fileRef = 869890E5295EACA600429129 /* UnitTestViewModel.swift */; };
		869890EE295EAD7700429129 /* UnitTest_Tests.swift in Sources */ = {isa = PBXBuildFile; fileRef = 869890ED295EAD7700429129 /* UnitTest_Tests.swift */; };
		869890F5295EB2E500429129 /* unitTestViewModel_Tests.swift in Sources */ = {isa = PBXBuildFile; fileRef = 869890F4295EB2E500429129 /* unitTestViewModel_Tests.swift */; };
/* End PBXBuildFile section */

/* Begin PBXContainerItemProxy section */
		869890EF295EAD7700429129 /* PBXContainerItemProxy */ = {
			isa = PBXContainerItemProxy;
			containerPortal = 869890CC295EA9CD00429129 /* Project object */;
			proxyType = 1;
			remoteGlobalIDString = 869890D3295EA9CD00429129;
			remoteInfo = UnitTest;
		};
/* End PBXContainerItemProxy section */

/* Begin PBXFileReference section */
		869890D4295EA9CD00429129 /* UnitTest.app */ = {isa = PBXFileReference; explicitFileType = wrapper.application; includeInIndex = 0; path = UnitTest.app; sourceTree = BUILT_PRODUCTS_DIR; };
		869890D7295EA9CD00429129 /* UnitTestApp.swift */ = {isa = PBXFileReference; lastKnownFileType = sourcecode.swift; path = UnitTestApp.swift; sourceTree = "<group>"; };
		869890D9295EA9CD00429129 /* UnitTestView.swift */ = {isa = PBXFileReference; lastKnownFileType = sourcecode.swift; path = UnitTestView.swift; sourceTree = "<group>"; };
		869890DB295EA9CE00429129 /* Assets.xcassets */ = {isa = PBXFileReference; lastKnownFileType = folder.assetcatalog; path = Assets.xcassets; sourceTree = "<group>"; };
		869890DE295EA9CE00429129 /* Preview Assets.xcassets */ = {isa = PBXFileReference; lastKnownFileType = folder.assetcatalog; path = "Preview Assets.xcassets"; sourceTree = "<group>"; };
		869890E5295EACA600429129 /* UnitTestViewModel.swift */ = {isa = PBXFileReference; lastKnownFileType = sourcecode.swift; path = UnitTestViewModel.swift; sourceTree = "<group>"; };
		869890EB295EAD7700429129 /* UnitTest_Tests.xctest */ = {isa = PBXFileReference; explicitFileType = wrapper.cfbundle; includeInIndex = 0; path = UnitTest_Tests.xctest; sourceTree = BUILT_PRODUCTS_DIR; };
		869890ED295EAD7700429129 /* UnitTest_Tests.swift */ = {isa = PBXFileReference; lastKnownFileType = sourcecode.swift; path = UnitTest_Tests.swift; sourceTree = "<group>"; };
		869890F4295EB2E500429129 /* unitTestViewModel_Tests.swift */ = {isa = PBXFileReference; lastKnownFileType = sourcecode.swift; path = unitTestViewModel_Tests.swift; sourceTree = "<group>"; };
/* End PBXFileReference section */

/* Begin PBXFrameworksBuildPhase section */
		869890D1295EA9CD00429129 /* Frameworks */ = {
			isa = PBXFrameworksBuildPhase;
			buildActionMask = 2147483647;
			files = (
			);
			runOnlyForDeploymentPostprocessing = 0;
		};
		869890E8295EAD7700429129 /* Frameworks */ = {
			isa = PBXFrameworksBuildPhase;
			buildActionMask = 2147483647;
			files = (
			);
			runOnlyForDeploymentPostprocessing = 0;
		};
/* End PBXFrameworksBuildPhase section */

/* Begin PBXGroup section */
		869890CB295EA9CD00429129 = {
			isa = PBXGroup;
			children = (
				869890D6295EA9CD00429129 /* UnitTest */,
				869890EC295EAD7700429129 /* UnitTest_Tests */,
				869890D5295EA9CD00429129 /* Products */,
			);
			sourceTree = "<group>";
		};
		869890D5295EA9CD00429129 /* Products */ = {
			isa = PBXGroup;
			children = (
				869890D4295EA9CD00429129 /* UnitTest.app */,
				869890EB295EAD7700429129 /* UnitTest_Tests.xctest */,
			);
			name = Products;
			sourceTree = "<group>";
		};
		869890D6295EA9CD00429129 /* UnitTest */ = {
			isa = PBXGroup;
			children = (
				869890D7295EA9CD00429129 /* UnitTestApp.swift */,
				869890D9295EA9CD00429129 /* UnitTestView.swift */,
				869890E5295EACA600429129 /* UnitTestViewModel.swift */,
				869890DB295EA9CE00429129 /* Assets.xcassets */,
				869890DD295EA9CE00429129 /* Preview Content */,
			);
			path = UnitTest;
			sourceTree = "<group>";
		};
		869890DD295EA9CE00429129 /* Preview Content */ = {
			isa = PBXGroup;
			children = (
				869890DE295EA9CE00429129 /* Preview Assets.xcassets */,
			);
			path = "Preview Content";
			sourceTree = "<group>";
		};
		869890EC295EAD7700429129 /* UnitTest_Tests */ = {
			isa = PBXGroup;
			children = (
				869890ED295EAD7700429129 /* UnitTest_Tests.swift */,
				869890F4295EB2E500429129 /* unitTestViewModel_Tests.swift */,
			);
			path = UnitTest_Tests;
			sourceTree = "<group>";
		};
/* End PBXGroup section */

/* Begin PBXNativeTarget section */
		869890D3295EA9CD00429129 /* UnitTest */ = {
			isa = PBXNativeTarget;
			buildConfigurationList = 869890E2295EA9CE00429129 /* Build configuration list for PBXNativeTarget "UnitTest" */;
			buildPhases = (
				869890D0295EA9CD00429129 /* Sources */,
				869890D1295EA9CD00429129 /* Frameworks */,
				869890D2295EA9CD00429129 /* Resources */,
			);
			buildRules = (
			);
			dependencies = (
			);
			name = UnitTest;
			productName = UnitTest;
			productReference = 869890D4295EA9CD00429129 /* UnitTest.app */;
			productType = "com.apple.product-type.application";
		};
		869890EA295EAD7700429129 /* UnitTest_Tests */ = {
			isa = PBXNativeTarget;
			buildConfigurationList = 869890F1295EAD7700429129 /* Build configuration list for PBXNativeTarget "UnitTest_Tests" */;
			buildPhases = (
				869890E7295EAD7700429129 /* Sources */,
				869890E8295EAD7700429129 /* Frameworks */,
				869890E9295EAD7700429129 /* Resources */,
			);
			buildRules = (
			);
			dependencies = (
				869890F0295EAD7700429129 /* PBXTargetDependency */,
			);
			name = UnitTest_Tests;
			productName = UnitTest_Tests;
			productReference = 869890EB295EAD7700429129 /* UnitTest_Tests.xctest */;
			productType = "com.apple.product-type.bundle.unit-test";
		};
/* End PBXNativeTarget section */

/* Begin PBXProject section */
		869890CC295EA9CD00429129 /* Project object */ = {
			isa = PBXProject;
			attributes = {
				BuildIndependentTargetsInParallel = 1;
				LastSwiftUpdateCheck = 1410;
				LastUpgradeCheck = 1410;
				TargetAttributes = {
					869890D3295EA9CD00429129 = {
						CreatedOnToolsVersion = 14.1;
					};
					869890EA295EAD7700429129 = {
						CreatedOnToolsVersion = 14.1;
						TestTargetID = 869890D3295EA9CD00429129;
					};
				};
			};
			buildConfigurationList = 869890CF295EA9CD00429129 /* Build configuration list for PBXProject "UnitTest" */;
			compatibilityVersion = "Xcode 14.0";
			developmentRegion = en;
			hasScannedForEncodings = 0;
			knownRegions = (
				en,
				Base,
			);
			mainGroup = 869890CB295EA9CD00429129;
			productRefGroup = 869890D5295EA9CD00429129 /* Products */;
			projectDirPath = "";
			projectRoot = "";
			targets = (
				869890D3295EA9CD00429129 /* UnitTest */,
				869890EA295EAD7700429129 /* UnitTest_Tests */,
			);
		};
/* End PBXProject section */

/* Begin PBXResourcesBuildPhase section */
		869890D2295EA9CD00429129 /* Resources */ = {
			isa = PBXResourcesBuildPhase;
			buildActionMask = 2147483647;
			files = (
				869890DF295EA9CE00429129 /* Preview Assets.xcassets in Resources */,
				869890DC295EA9CE00429129 /* Assets.xcassets in Resources */,
			);
			runOnlyForDeploymentPostprocessing = 0;
		};
		869890E9295EAD7700429129 /* Resources */ = {
			isa = PBXResourcesBuildPhase;
			buildActionMask = 2147483647;
			files = (
			);
			runOnlyForDeploymentPostprocessing = 0;
		};
/* End PBXResourcesBuildPhase section */

/* Begin PBXSourcesBuildPhase section */
		869890D0295EA9CD00429129 /* Sources */ = {
			isa = PBXSourcesBuildPhase;
			buildActionMask = 2147483647;
			files = (
				869890DA295EA9CD00429129 /* UnitTestView.swift in Sources */,
				869890D8295EA9CD00429129 /* UnitTestApp.swift in Sources */,
				869890E6295EACA600429129 /* UnitTestViewModel.swift in Sources */,
			);
			runOnlyForDeploymentPostprocessing = 0;
		};
		869890E7295EAD7700429129 /* Sources */ = {
			isa = PBXSourcesBuildPhase;
			buildActionMask = 2147483647;
			files = (
				869890F5295EB2E500429129 /* unitTestViewModel_Tests.swift in Sources */,
				869890EE295EAD7700429129 /* UnitTest_Tests.swift in Sources */,
			);
			runOnlyForDeploymentPostprocessing = 0;
		};
/* End PBXSourcesBuildPhase section */

/* Begin PBXTargetDependency section */
		869890F0295EAD7700429129 /* PBXTargetDependency */ = {
			isa = PBXTargetDependency;
			target = 869890D3295EA9CD00429129 /* UnitTest */;
			targetProxy = 869890EF295EAD7700429129 /* PBXContainerItemProxy */;
		};
/* End PBXTargetDependency section */

/* Begin XCBuildConfiguration section */
		869890E0295EA9CE00429129 /* Debug */ = {
			isa = XCBuildConfiguration;
			buildSettings = {
				ALWAYS_SEARCH_USER_PATHS = NO;
				CLANG_ANALYZER_NONNULL = YES;
				CLANG_ANALYZER_NUMBER_OBJECT_CONVERSION = YES_AGGRESSIVE;
				CLANG_CXX_LANGUAGE_STANDARD = "gnu++20";
				CLANG_ENABLE_MODULES = YES;
				CLANG_ENABLE_OBJC_ARC = YES;
				CLANG_ENABLE_OBJC_WEAK = YES;
				CLANG_WARN_BLOCK_CAPTURE_AUTORELEASING = YES;
				CLANG_WARN_BOOL_CONVERSION = YES;
				CLANG_WARN_COMMA = YES;
				CLANG_WARN_CONSTANT_CONVERSION = YES;
				CLANG_WARN_DEPRECATED_OBJC_IMPLEMENTATIONS = YES;
				CLANG_WARN_DIRECT_OBJC_ISA_USAGE = YES_ERROR;
				CLANG_WARN_DOCUMENTATION_COMMENTS = YES;
				CLANG_WARN_EMPTY_BODY = YES;
				CLANG_WARN_ENUM_CONVERSION = YES;
				CLANG_WARN_INFINITE_RECURSION = YES;
				CLANG_WARN_INT_CONVERSION = YES;
				CLANG_WARN_NON_LITERAL_NULL_CONVERSION = YES;
				CLANG_WARN_OBJC_IMPLICIT_RETAIN_SELF = YES;
				CLANG_WARN_OBJC_LITERAL_CONVERSION = YES;
				CLANG_WARN_OBJC_ROOT_CLASS = YES_ERROR;
				CLANG_WARN_QUOTED_INCLUDE_IN_FRAMEWORK_HEADER = YES;
				CLANG_WARN_RANGE_LOOP_ANALYSIS = YES;
				CLANG_WARN_STRICT_PROTOTYPES = YES;
				CLANG_WARN_SUSPICIOUS_MOVE = YES;
				CLANG_WARN_UNGUARDED_AVAILABILITY = YES_AGGRESSIVE;
				CLANG_WARN_UNREACHABLE_CODE = YES;
				CLANG_WARN__DUPLICATE_METHOD_MATCH = YES;
				COPY_PHASE_STRIP = NO;
				DEBUG_INFORMATION_FORMAT = dwarf;
				ENABLE_STRICT_OBJC_MSGSEND = YES;
				ENABLE_TESTABILITY = YES;
				GCC_C_LANGUAGE_STANDARD = gnu11;
				GCC_DYNAMIC_NO_PIC = NO;
				GCC_NO_COMMON_BLOCKS = YES;
				GCC_OPTIMIZATION_LEVEL = 0;
				GCC_PREPROCESSOR_DEFINITIONS = (
					"DEBUG=1",
					"$(inherited)",
				);
				GCC_WARN_64_TO_32_BIT_CONVERSION = YES;
				GCC_WARN_ABOUT_RETURN_TYPE = YES_ERROR;
				GCC_WARN_UNDECLARED_SELECTOR = YES;
				GCC_WARN_UNINITIALIZED_AUTOS = YES_AGGRESSIVE;
				GCC_WARN_UNUSED_FUNCTION = YES;
				GCC_WARN_UNUSED_VARIABLE = YES;
				IPHONEOS_DEPLOYMENT_TARGET = 16.1;
				MTL_ENABLE_DEBUG_INFO = INCLUDE_SOURCE;
				MTL_FAST_MATH = YES;
				ONLY_ACTIVE_ARCH = YES;
				SDKROOT = iphoneos;
				SWIFT_ACTIVE_COMPILATION_CONDITIONS = DEBUG;
				SWIFT_OPTIMIZATION_LEVEL = "-Onone";
			};
			name = Debug;
		};
		869890E1295EA9CE00429129 /* Release */ = {
			isa = XCBuildConfiguration;
			buildSettings = {
				ALWAYS_SEARCH_USER_PATHS = NO;
				CLANG_ANALYZER_NONNULL = YES;
				CLANG_ANALYZER_NUMBER_OBJECT_CONVERSION = YES_AGGRESSIVE;
				CLANG_CXX_LANGUAGE_STANDARD = "gnu++20";
				CLANG_ENABLE_MODULES = YES;
				CLANG_ENABLE_OBJC_ARC = YES;
				CLANG_ENABLE_OBJC_WEAK = YES;
				CLANG_WARN_BLOCK_CAPTURE_AUTORELEASING = YES;
				CLANG_WARN_BOOL_CONVERSION = YES;
				CLANG_WARN_COMMA = YES;
				CLANG_WARN_CONSTANT_CONVERSION = YES;
				CLANG_WARN_DEPRECATED_OBJC_IMPLEMENTATIONS = YES;
				CLANG_WARN_DIRECT_OBJC_ISA_USAGE = YES_ERROR;
				CLANG_WARN_DOCUMENTATION_COMMENTS = YES;
				CLANG_WARN_EMPTY_BODY = YES;
				CLANG_WARN_ENUM_CONVERSION = YES;
				CLANG_WARN_INFINITE_RECURSION = YES;
				CLANG_WARN_INT_CONVERSION = YES;
				CLANG_WARN_NON_LITERAL_NULL_CONVERSION = YES;
				CLANG_WARN_OBJC_IMPLICIT_RETAIN_SELF = YES;
				CLANG_WARN_OBJC_LITERAL_CONVERSION = YES;
				CLANG_WARN_OBJC_ROOT_CLASS = YES_ERROR;
				CLANG_WARN_QUOTED_INCLUDE_IN_FRAMEWORK_HEADER = YES;
				CLANG_WARN_RANGE_LOOP_ANALYSIS = YES;
				CLANG_WARN_STRICT_PROTOTYPES = YES;
				CLANG_WARN_SUSPICIOUS_MOVE = YES;
				CLANG_WARN_UNGUARDED_AVAILABILITY = YES_AGGRESSIVE;
				CLANG_WARN_UNREACHABLE_CODE = YES;
				CLANG_WARN__DUPLICATE_METHOD_MATCH = YES;
				COPY_PHASE_STRIP = NO;
				DEBUG_INFORMATION_FORMAT = "dwarf-with-dsym";
				ENABLE_NS_ASSERTIONS = NO;
				ENABLE_STRICT_OBJC_MSGSEND = YES;
				GCC_C_LANGUAGE_STANDARD = gnu11;
				GCC_NO_COMMON_BLOCKS = YES;
				GCC_WARN_64_TO_32_BIT_CONVERSION = YES;
				GCC_WARN_ABOUT_RETURN_TYPE = YES_ERROR;
				GCC_WARN_UNDECLARED_SELECTOR = YES;
				GCC_WARN_UNINITIALIZED_AUTOS = YES_AGGRESSIVE;
				GCC_WARN_UNUSED_FUNCTION = YES;
				GCC_WARN_UNUSED_VARIABLE = YES;
				IPHONEOS_DEPLOYMENT_TARGET = 16.1;
				MTL_ENABLE_DEBUG_INFO = NO;
				MTL_FAST_MATH = YES;
				SDKROOT = iphoneos;
				SWIFT_COMPILATION_MODE = wholemodule;
				SWIFT_OPTIMIZATION_LEVEL = "-O";
				VALIDATE_PRODUCT = YES;
			};
			name = Release;
		};
		869890E3295EA9CE00429129 /* Debug */ = {
			isa = XCBuildConfiguration;
			buildSettings = {
				ASSETCATALOG_COMPILER_APPICON_NAME = AppIcon;
				ASSETCATALOG_COMPILER_GLOBAL_ACCENT_COLOR_NAME = AccentColor;
				CODE_SIGN_STYLE = Automatic;
				CURRENT_PROJECT_VERSION = 1;
				DEVELOPMENT_ASSET_PATHS = "\"UnitTest/Preview Content\"";
				DEVELOPMENT_TEAM = YB5KQCLMY6;
				ENABLE_PREVIEWS = YES;
				GENERATE_INFOPLIST_FILE = YES;
				INFOPLIST_KEY_UIApplicationSceneManifest_Generation = YES;
				INFOPLIST_KEY_UIApplicationSupportsIndirectInputEvents = YES;
				INFOPLIST_KEY_UILaunchScreen_Generation = YES;
				INFOPLIST_KEY_UISupportedInterfaceOrientations_iPad = "UIInterfaceOrientationPortrait UIInterfaceOrientationPortraitUpsideDown UIInterfaceOrientationLandscapeLeft UIInterfaceOrientationLandscapeRight";
				INFOPLIST_KEY_UISupportedInterfaceOrientations_iPhone = "UIInterfaceOrientationPortrait UIInterfaceOrientationLandscapeLeft UIInterfaceOrientationLandscapeRight";
				LD_RUNPATH_SEARCH_PATHS = (
					"$(inherited)",
					"@executable_path/Frameworks",
				);
				MARKETING_VERSION = 1.0;
				PRODUCT_BUNDLE_IDENTIFIER = joohan.UnitTest;
				PRODUCT_NAME = "$(TARGET_NAME)";
				SWIFT_EMIT_LOC_STRINGS = YES;
				SWIFT_VERSION = 5.0;
				TARGETED_DEVICE_FAMILY = "1,2";
			};
			name = Debug;
		};
		869890E4295EA9CE00429129 /* Release */ = {
			isa = XCBuildConfiguration;
			buildSettings = {
				ASSETCATALOG_COMPILER_APPICON_NAME = AppIcon;
				ASSETCATALOG_COMPILER_GLOBAL_ACCENT_COLOR_NAME = AccentColor;
				CODE_SIGN_STYLE = Automatic;
				CURRENT_PROJECT_VERSION = 1;
				DEVELOPMENT_ASSET_PATHS = "\"UnitTest/Preview Content\"";
				DEVELOPMENT_TEAM = YB5KQCLMY6;
				ENABLE_PREVIEWS = YES;
				GENERATE_INFOPLIST_FILE = YES;
				INFOPLIST_KEY_UIApplicationSceneManifest_Generation = YES;
				INFOPLIST_KEY_UIApplicationSupportsIndirectInputEvents = YES;
				INFOPLIST_KEY_UILaunchScreen_Generation = YES;
				INFOPLIST_KEY_UISupportedInterfaceOrientations_iPad = "UIInterfaceOrientationPortrait UIInterfaceOrientationPortraitUpsideDown UIInterfaceOrientationLandscapeLeft UIInterfaceOrientationLandscapeRight";
				INFOPLIST_KEY_UISupportedInterfaceOrientations_iPhone = "UIInterfaceOrientationPortrait UIInterfaceOrientationLandscapeLeft UIInterfaceOrientationLandscapeRight";
				LD_RUNPATH_SEARCH_PATHS = (
					"$(inherited)",
					"@executable_path/Frameworks",
				);
				MARKETING_VERSION = 1.0;
				PRODUCT_BUNDLE_IDENTIFIER = joohan.UnitTest;
				PRODUCT_NAME = "$(TARGET_NAME)";
				SWIFT_EMIT_LOC_STRINGS = YES;
				SWIFT_VERSION = 5.0;
				TARGETED_DEVICE_FAMILY = "1,2";
			};
			name = Release;
		};
		869890F2295EAD7700429129 /* Debug */ = {
			isa = XCBuildConfiguration;
			buildSettings = {
				BUNDLE_LOADER = "$(TEST_HOST)";
				CODE_SIGN_STYLE = Automatic;
				CURRENT_PROJECT_VERSION = 1;
				DEVELOPMENT_TEAM = YB5KQCLMY6;
				GENERATE_INFOPLIST_FILE = YES;
				MARKETING_VERSION = 1.0;
				PRODUCT_BUNDLE_IDENTIFIER = "joohan.UnitTest-Tests";
				PRODUCT_NAME = "$(TARGET_NAME)";
				SWIFT_EMIT_LOC_STRINGS = NO;
				SWIFT_VERSION = 5.0;
				TARGETED_DEVICE_FAMILY = "1,2";
				TEST_HOST = "$(BUILT_PRODUCTS_DIR)/UnitTest.app/$(BUNDLE_EXECUTABLE_FOLDER_PATH)/UnitTest";
			};
			name = Debug;
		};
		869890F3295EAD7700429129 /* Release */ = {
			isa = XCBuildConfiguration;
			buildSettings = {
				BUNDLE_LOADER = "$(TEST_HOST)";
				CODE_SIGN_STYLE = Automatic;
				CURRENT_PROJECT_VERSION = 1;
				DEVELOPMENT_TEAM = YB5KQCLMY6;
				GENERATE_INFOPLIST_FILE = YES;
				MARKETING_VERSION = 1.0;
				PRODUCT_BUNDLE_IDENTIFIER = "joohan.UnitTest-Tests";
				PRODUCT_NAME = "$(TARGET_NAME)";
				SWIFT_EMIT_LOC_STRINGS = NO;
				SWIFT_VERSION = 5.0;
				TARGETED_DEVICE_FAMILY = "1,2";
				TEST_HOST = "$(BUILT_PRODUCTS_DIR)/UnitTest.app/$(BUNDLE_EXECUTABLE_FOLDER_PATH)/UnitTest";
			};
			name = Release;
		};
/* End XCBuildConfiguration section */

/* Begin XCConfigurationList section */
		869890CF295EA9CD00429129 /* Build configuration list for PBXProject "UnitTest" */ = {
			isa = XCConfigurationList;
			buildConfigurations = (
				869890E0295EA9CE00429129 /* Debug */,
				869890E1295EA9CE00429129 /* Release */,
			);
			defaultConfigurationIsVisible = 0;
			defaultConfigurationName = Release;
		};
		869890E2295EA9CE00429129 /* Build configuration list for PBXNativeTarget "UnitTest" */ = {
			isa = XCConfigurationList;
			buildConfigurations = (
				869890E3295EA9CE00429129 /* Debug */,
				869890E4295EA9CE00429129 /* Release */,
			);
			defaultConfigurationIsVisible = 0;
			defaultConfigurationName = Release;
		};
		869890F1295EAD7700429129 /* Build configuration list for PBXNativeTarget "UnitTest_Tests" */ = {
			isa = XCConfigurationList;
			buildConfigurations = (
				869890F2295EAD7700429129 /* Debug */,
				869890F3295EAD7700429129 /* Release */,
			);
			defaultConfigurationIsVisible = 0;
			defaultConfigurationName = Release;
		};
/* End XCConfigurationList section */
	};
	rootObject = 869890CC295EA9CD00429129 /* Project object */;
}
