// !$*UTF8*$!
{
	archiveVersion = 1;
	classes = {
	};
	objectVersion = 56;
	objects = {

/* Begin PBXBuildFile section */
		86BFB01E2926AEFA00969833 /* CoinAppApp.swift in Sources */ = {isa = PBXBuildFile; fileRef = 86BFB01D2926AEFA00969833 /* CoinAppApp.swift */; };
		86BFB0202926AEFA00969833 /* ContentView.swift in Sources */ = {isa = PBXBuildFile; fileRef = 86BFB01F2926AEFA00969833 /* ContentView.swift */; };
		86BFB0222926AEFB00969833 /* Assets.xcassets in Resources */ = {isa = PBXBuildFile; fileRef = 86BFB0212926AEFB00969833 /* Assets.xcassets */; };
		86BFB0252926AEFB00969833 /* Preview Assets.xcassets in Resources */ = {isa = PBXBuildFile; fileRef = 86BFB0242926AEFB00969833 /* Preview Assets.xcassets */; };
		86BFB02D2926B2CD00969833 /* Color.swift in Sources */ = {isa = PBXBuildFile; fileRef = 86BFB02C2926B2CD00969833 /* Color.swift */; };
		86BFB0332926B48C00969833 /* HomeView.swift in Sources */ = {isa = PBXBuildFile; fileRef = 86BFB0322926B48C00969833 /* HomeView.swift */; };
		86BFB0372926C30100969833 /* CircleButtonView.swift in Sources */ = {isa = PBXBuildFile; fileRef = 86BFB0362926C30100969833 /* CircleButtonView.swift */; };
		86BFB0392926C76A00969833 /* CircleButtonAnimationView.swift in Sources */ = {isa = PBXBuildFile; fileRef = 86BFB0382926C76A00969833 /* CircleButtonAnimationView.swift */; };
		86BFB03C2926C97200969833 /* CoinModel.swift in Sources */ = {isa = PBXBuildFile; fileRef = 86BFB03B2926C97200969833 /* CoinModel.swift */; };
		86BFB03E2926E09400969833 /* CoinRowView.swift in Sources */ = {isa = PBXBuildFile; fileRef = 86BFB03D2926E09400969833 /* CoinRowView.swift */; };
		86BFB0402926E0EB00969833 /* PreviewProvider.swift in Sources */ = {isa = PBXBuildFile; fileRef = 86BFB03F2926E0EB00969833 /* PreviewProvider.swift */; };
		86BFB0422926E5D200969833 /* Double.swift in Sources */ = {isa = PBXBuildFile; fileRef = 86BFB0412926E5D200969833 /* Double.swift */; };
/* End PBXBuildFile section */

/* Begin PBXFileReference section */
		86BFB01A2926AEFA00969833 /* CoinApp.app */ = {isa = PBXFileReference; explicitFileType = wrapper.application; includeInIndex = 0; path = CoinApp.app; sourceTree = BUILT_PRODUCTS_DIR; };
		86BFB01D2926AEFA00969833 /* CoinAppApp.swift */ = {isa = PBXFileReference; lastKnownFileType = sourcecode.swift; path = CoinAppApp.swift; sourceTree = "<group>"; };
		86BFB01F2926AEFA00969833 /* ContentView.swift */ = {isa = PBXFileReference; lastKnownFileType = sourcecode.swift; path = ContentView.swift; sourceTree = "<group>"; };
		86BFB0212926AEFB00969833 /* Assets.xcassets */ = {isa = PBXFileReference; lastKnownFileType = folder.assetcatalog; path = Assets.xcassets; sourceTree = "<group>"; };
		86BFB0242926AEFB00969833 /* Preview Assets.xcassets */ = {isa = PBXFileReference; lastKnownFileType = folder.assetcatalog; path = "Preview Assets.xcassets"; sourceTree = "<group>"; };
		86BFB02C2926B2CD00969833 /* Color.swift */ = {isa = PBXFileReference; lastKnownFileType = sourcecode.swift; path = Color.swift; sourceTree = "<group>"; };
		86BFB0322926B48C00969833 /* HomeView.swift */ = {isa = PBXFileReference; lastKnownFileType = sourcecode.swift; path = HomeView.swift; sourceTree = "<group>"; };
		86BFB0362926C30100969833 /* CircleButtonView.swift */ = {isa = PBXFileReference; lastKnownFileType = sourcecode.swift; path = CircleButtonView.swift; sourceTree = "<group>"; };
		86BFB0382926C76A00969833 /* CircleButtonAnimationView.swift */ = {isa = PBXFileReference; lastKnownFileType = sourcecode.swift; path = CircleButtonAnimationView.swift; sourceTree = "<group>"; };
		86BFB03B2926C97200969833 /* CoinModel.swift */ = {isa = PBXFileReference; lastKnownFileType = sourcecode.swift; path = CoinModel.swift; sourceTree = "<group>"; };
		86BFB03D2926E09400969833 /* CoinRowView.swift */ = {isa = PBXFileReference; lastKnownFileType = sourcecode.swift; path = CoinRowView.swift; sourceTree = "<group>"; };
		86BFB03F2926E0EB00969833 /* PreviewProvider.swift */ = {isa = PBXFileReference; lastKnownFileType = sourcecode.swift; path = PreviewProvider.swift; sourceTree = "<group>"; };
		86BFB0412926E5D200969833 /* Double.swift */ = {isa = PBXFileReference; lastKnownFileType = sourcecode.swift; path = Double.swift; sourceTree = "<group>"; };
/* End PBXFileReference section */

/* Begin PBXFrameworksBuildPhase section */
		86BFB0172926AEFA00969833 /* Frameworks */ = {
			isa = PBXFrameworksBuildPhase;
			buildActionMask = 2147483647;
			files = (
			);
			runOnlyForDeploymentPostprocessing = 0;
		};
/* End PBXFrameworksBuildPhase section */

/* Begin PBXGroup section */
		86BFB0112926AEFA00969833 = {
			isa = PBXGroup;
			children = (
				86BFB01C2926AEFA00969833 /* CoinApp */,
				86BFB01B2926AEFA00969833 /* Products */,
			);
			sourceTree = "<group>";
		};
		86BFB01B2926AEFA00969833 /* Products */ = {
			isa = PBXGroup;
			children = (
				86BFB01A2926AEFA00969833 /* CoinApp.app */,
			);
			name = Products;
			sourceTree = "<group>";
		};
		86BFB01C2926AEFA00969833 /* CoinApp */ = {
			isa = PBXGroup;
			children = (
				86BFB01D2926AEFA00969833 /* CoinAppApp.swift */,
				86BFB01F2926AEFA00969833 /* ContentView.swift */,
				86BFB03A2926C96400969833 /* Models */,
				86BFB02E2926B40500969833 /* Core */,
				86BFB02B2926B2B900969833 /* Extensions */,
				86BFB0212926AEFB00969833 /* Assets.xcassets */,
				86BFB0232926AEFB00969833 /* Preview Content */,
			);
			path = CoinApp;
			sourceTree = "<group>";
		};
		86BFB0232926AEFB00969833 /* Preview Content */ = {
			isa = PBXGroup;
			children = (
				86BFB0242926AEFB00969833 /* Preview Assets.xcassets */,
			);
			path = "Preview Content";
			sourceTree = "<group>";
		};
		86BFB02B2926B2B900969833 /* Extensions */ = {
			isa = PBXGroup;
			children = (
				86BFB02C2926B2CD00969833 /* Color.swift */,
				86BFB03F2926E0EB00969833 /* PreviewProvider.swift */,
				86BFB0412926E5D200969833 /* Double.swift */,
			);
			path = Extensions;
			sourceTree = "<group>";
		};
		86BFB02E2926B40500969833 /* Core */ = {
			isa = PBXGroup;
			children = (
				86BFB0342926C2D000969833 /* Components */,
				86BFB02F2926B42400969833 /* Home */,
			);
			path = Core;
			sourceTree = "<group>";
		};
		86BFB02F2926B42400969833 /* Home */ = {
			isa = PBXGroup;
			children = (
				86BFB0312926B43300969833 /* ViewModels */,
				86BFB0302926B42E00969833 /* Views */,
			);
			path = Home;
			sourceTree = "<group>";
		};
		86BFB0302926B42E00969833 /* Views */ = {
			isa = PBXGroup;
			children = (
				86BFB0322926B48C00969833 /* HomeView.swift */,
				86BFB03D2926E09400969833 /* CoinRowView.swift */,
			);
			path = Views;
			sourceTree = "<group>";
		};
		86BFB0312926B43300969833 /* ViewModels */ = {
			isa = PBXGroup;
			children = (
			);
			path = ViewModels;
			sourceTree = "<group>";
		};
		86BFB0342926C2D000969833 /* Components */ = {
			isa = PBXGroup;
			children = (
				86BFB0352926C2F300969833 /* CircleButton */,
			);
			path = Components;
			sourceTree = "<group>";
		};
		86BFB0352926C2F300969833 /* CircleButton */ = {
			isa = PBXGroup;
			children = (
				86BFB0362926C30100969833 /* CircleButtonView.swift */,
				86BFB0382926C76A00969833 /* CircleButtonAnimationView.swift */,
			);
			path = CircleButton;
			sourceTree = "<group>";
		};
		86BFB03A2926C96400969833 /* Models */ = {
			isa = PBXGroup;
			children = (
				86BFB03B2926C97200969833 /* CoinModel.swift */,
			);
			path = Models;
			sourceTree = "<group>";
		};
/* End PBXGroup section */

/* Begin PBXNativeTarget section */
		86BFB0192926AEFA00969833 /* CoinApp */ = {
			isa = PBXNativeTarget;
			buildConfigurationList = 86BFB0282926AEFB00969833 /* Build configuration list for PBXNativeTarget "CoinApp" */;
			buildPhases = (
				86BFB0162926AEFA00969833 /* Sources */,
				86BFB0172926AEFA00969833 /* Frameworks */,
				86BFB0182926AEFA00969833 /* Resources */,
			);
			buildRules = (
			);
			dependencies = (
			);
			name = CoinApp;
			productName = CoinApp;
			productReference = 86BFB01A2926AEFA00969833 /* CoinApp.app */;
			productType = "com.apple.product-type.application";
		};
/* End PBXNativeTarget section */

/* Begin PBXProject section */
		86BFB0122926AEFA00969833 /* Project object */ = {
			isa = PBXProject;
			attributes = {
				BuildIndependentTargetsInParallel = 1;
				LastSwiftUpdateCheck = 1410;
				LastUpgradeCheck = 1410;
				TargetAttributes = {
					86BFB0192926AEFA00969833 = {
						CreatedOnToolsVersion = 14.1;
					};
				};
			};
			buildConfigurationList = 86BFB0152926AEFA00969833 /* Build configuration list for PBXProject "CoinApp" */;
			compatibilityVersion = "Xcode 14.0";
			developmentRegion = en;
			hasScannedForEncodings = 0;
			knownRegions = (
				en,
				Base,
			);
			mainGroup = 86BFB0112926AEFA00969833;
			productRefGroup = 86BFB01B2926AEFA00969833 /* Products */;
			projectDirPath = "";
			projectRoot = "";
			targets = (
				86BFB0192926AEFA00969833 /* CoinApp */,
			);
		};
/* End PBXProject section */

/* Begin PBXResourcesBuildPhase section */
		86BFB0182926AEFA00969833 /* Resources */ = {
			isa = PBXResourcesBuildPhase;
			buildActionMask = 2147483647;
			files = (
				86BFB0252926AEFB00969833 /* Preview Assets.xcassets in Resources */,
				86BFB0222926AEFB00969833 /* Assets.xcassets in Resources */,
			);
			runOnlyForDeploymentPostprocessing = 0;
		};
/* End PBXResourcesBuildPhase section */

/* Begin PBXSourcesBuildPhase section */
		86BFB0162926AEFA00969833 /* Sources */ = {
			isa = PBXSourcesBuildPhase;
			buildActionMask = 2147483647;
			files = (
				86BFB03E2926E09400969833 /* CoinRowView.swift in Sources */,
				86BFB0202926AEFA00969833 /* ContentView.swift in Sources */,
				86BFB0332926B48C00969833 /* HomeView.swift in Sources */,
				86BFB01E2926AEFA00969833 /* CoinAppApp.swift in Sources */,
				86BFB0372926C30100969833 /* CircleButtonView.swift in Sources */,
				86BFB02D2926B2CD00969833 /* Color.swift in Sources */,
				86BFB0392926C76A00969833 /* CircleButtonAnimationView.swift in Sources */,
				86BFB0402926E0EB00969833 /* PreviewProvider.swift in Sources */,
				86BFB0422926E5D200969833 /* Double.swift in Sources */,
				86BFB03C2926C97200969833 /* CoinModel.swift in Sources */,
			);
			runOnlyForDeploymentPostprocessing = 0;
		};
/* End PBXSourcesBuildPhase section */

/* Begin XCBuildConfiguration section */
		86BFB0262926AEFB00969833 /* Debug */ = {
			isa = XCBuildConfiguration;
			buildSettings = {
				ALWAYS_SEARCH_USER_PATHS = NO;
				CLANG_ANALYZER_NONNULL = YES;
				CLANG_ANALYZER_NUMBER_OBJECT_CONVERSION = YES_AGGRESSIVE;
				CLANG_CXX_LANGUAGE_STANDARD = "gnu++20";
				CLANG_ENABLE_MODULES = YES;
				CLANG_ENABLE_OBJC_ARC = YES;
				CLANG_ENABLE_OBJC_WEAK = YES;
				CLANG_WARN_BLOCK_CAPTURE_AUTORELEASING = YES;
				CLANG_WARN_BOOL_CONVERSION = YES;
				CLANG_WARN_COMMA = YES;
				CLANG_WARN_CONSTANT_CONVERSION = YES;
				CLANG_WARN_DEPRECATED_OBJC_IMPLEMENTATIONS = YES;
				CLANG_WARN_DIRECT_OBJC_ISA_USAGE = YES_ERROR;
				CLANG_WARN_DOCUMENTATION_COMMENTS = YES;
				CLANG_WARN_EMPTY_BODY = YES;
				CLANG_WARN_ENUM_CONVERSION = YES;
				CLANG_WARN_INFINITE_RECURSION = YES;
				CLANG_WARN_INT_CONVERSION = YES;
				CLANG_WARN_NON_LITERAL_NULL_CONVERSION = YES;
				CLANG_WARN_OBJC_IMPLICIT_RETAIN_SELF = YES;
				CLANG_WARN_OBJC_LITERAL_CONVERSION = YES;
				CLANG_WARN_OBJC_ROOT_CLASS = YES_ERROR;
				CLANG_WARN_QUOTED_INCLUDE_IN_FRAMEWORK_HEADER = YES;
				CLANG_WARN_RANGE_LOOP_ANALYSIS = YES;
				CLANG_WARN_STRICT_PROTOTYPES = YES;
				CLANG_WARN_SUSPICIOUS_MOVE = YES;
				CLANG_WARN_UNGUARDED_AVAILABILITY = YES_AGGRESSIVE;
				CLANG_WARN_UNREACHABLE_CODE = YES;
				CLANG_WARN__DUPLICATE_METHOD_MATCH = YES;
				COPY_PHASE_STRIP = NO;
				DEBUG_INFORMATION_FORMAT = dwarf;
				ENABLE_STRICT_OBJC_MSGSEND = YES;
				ENABLE_TESTABILITY = YES;
				GCC_C_LANGUAGE_STANDARD = gnu11;
				GCC_DYNAMIC_NO_PIC = NO;
				GCC_NO_COMMON_BLOCKS = YES;
				GCC_OPTIMIZATION_LEVEL = 0;
				GCC_PREPROCESSOR_DEFINITIONS = (
					"DEBUG=1",
					"$(inherited)",
				);
				GCC_WARN_64_TO_32_BIT_CONVERSION = YES;
				GCC_WARN_ABOUT_RETURN_TYPE = YES_ERROR;
				GCC_WARN_UNDECLARED_SELECTOR = YES;
				GCC_WARN_UNINITIALIZED_AUTOS = YES_AGGRESSIVE;
				GCC_WARN_UNUSED_FUNCTION = YES;
				GCC_WARN_UNUSED_VARIABLE = YES;
				IPHONEOS_DEPLOYMENT_TARGET = 16.1;
				MTL_ENABLE_DEBUG_INFO = INCLUDE_SOURCE;
				MTL_FAST_MATH = YES;
				ONLY_ACTIVE_ARCH = YES;
				SDKROOT = iphoneos;
				SWIFT_ACTIVE_COMPILATION_CONDITIONS = DEBUG;
				SWIFT_OPTIMIZATION_LEVEL = "-Onone";
			};
			name = Debug;
		};
		86BFB0272926AEFB00969833 /* Release */ = {
			isa = XCBuildConfiguration;
			buildSettings = {
				ALWAYS_SEARCH_USER_PATHS = NO;
				CLANG_ANALYZER_NONNULL = YES;
				CLANG_ANALYZER_NUMBER_OBJECT_CONVERSION = YES_AGGRESSIVE;
				CLANG_CXX_LANGUAGE_STANDARD = "gnu++20";
				CLANG_ENABLE_MODULES = YES;
				CLANG_ENABLE_OBJC_ARC = YES;
				CLANG_ENABLE_OBJC_WEAK = YES;
				CLANG_WARN_BLOCK_CAPTURE_AUTORELEASING = YES;
				CLANG_WARN_BOOL_CONVERSION = YES;
				CLANG_WARN_COMMA = YES;
				CLANG_WARN_CONSTANT_CONVERSION = YES;
				CLANG_WARN_DEPRECATED_OBJC_IMPLEMENTATIONS = YES;
				CLANG_WARN_DIRECT_OBJC_ISA_USAGE = YES_ERROR;
				CLANG_WARN_DOCUMENTATION_COMMENTS = YES;
				CLANG_WARN_EMPTY_BODY = YES;
				CLANG_WARN_ENUM_CONVERSION = YES;
				CLANG_WARN_INFINITE_RECURSION = YES;
				CLANG_WARN_INT_CONVERSION = YES;
				CLANG_WARN_NON_LITERAL_NULL_CONVERSION = YES;
				CLANG_WARN_OBJC_IMPLICIT_RETAIN_SELF = YES;
				CLANG_WARN_OBJC_LITERAL_CONVERSION = YES;
				CLANG_WARN_OBJC_ROOT_CLASS = YES_ERROR;
				CLANG_WARN_QUOTED_INCLUDE_IN_FRAMEWORK_HEADER = YES;
				CLANG_WARN_RANGE_LOOP_ANALYSIS = YES;
				CLANG_WARN_STRICT_PROTOTYPES = YES;
				CLANG_WARN_SUSPICIOUS_MOVE = YES;
				CLANG_WARN_UNGUARDED_AVAILABILITY = YES_AGGRESSIVE;
				CLANG_WARN_UNREACHABLE_CODE = YES;
				CLANG_WARN__DUPLICATE_METHOD_MATCH = YES;
				COPY_PHASE_STRIP = NO;
				DEBUG_INFORMATION_FORMAT = "dwarf-with-dsym";
				ENABLE_NS_ASSERTIONS = NO;
				ENABLE_STRICT_OBJC_MSGSEND = YES;
				GCC_C_LANGUAGE_STANDARD = gnu11;
				GCC_NO_COMMON_BLOCKS = YES;
				GCC_WARN_64_TO_32_BIT_CONVERSION = YES;
				GCC_WARN_ABOUT_RETURN_TYPE = YES_ERROR;
				GCC_WARN_UNDECLARED_SELECTOR = YES;
				GCC_WARN_UNINITIALIZED_AUTOS = YES_AGGRESSIVE;
				GCC_WARN_UNUSED_FUNCTION = YES;
				GCC_WARN_UNUSED_VARIABLE = YES;
				IPHONEOS_DEPLOYMENT_TARGET = 16.1;
				MTL_ENABLE_DEBUG_INFO = NO;
				MTL_FAST_MATH = YES;
				SDKROOT = iphoneos;
				SWIFT_COMPILATION_MODE = wholemodule;
				SWIFT_OPTIMIZATION_LEVEL = "-O";
				VALIDATE_PRODUCT = YES;
			};
			name = Release;
		};
		86BFB0292926AEFB00969833 /* Debug */ = {
			isa = XCBuildConfiguration;
			buildSettings = {
				ASSETCATALOG_COMPILER_APPICON_NAME = AppIcon;
				ASSETCATALOG_COMPILER_GLOBAL_ACCENT_COLOR_NAME = AccentColor;
				CODE_SIGN_STYLE = Automatic;
				CURRENT_PROJECT_VERSION = 1;
				DEVELOPMENT_ASSET_PATHS = "\"CoinApp/Preview Content\"";
				DEVELOPMENT_TEAM = YB5KQCLMY6;
				ENABLE_PREVIEWS = YES;
				GENERATE_INFOPLIST_FILE = YES;
				INFOPLIST_KEY_UIApplicationSceneManifest_Generation = YES;
				INFOPLIST_KEY_UIApplicationSupportsIndirectInputEvents = YES;
				INFOPLIST_KEY_UILaunchScreen_Generation = YES;
				INFOPLIST_KEY_UISupportedInterfaceOrientations_iPad = "UIInterfaceOrientationPortrait UIInterfaceOrientationPortraitUpsideDown UIInterfaceOrientationLandscapeLeft UIInterfaceOrientationLandscapeRight";
				INFOPLIST_KEY_UISupportedInterfaceOrientations_iPhone = "UIInterfaceOrientationPortrait UIInterfaceOrientationLandscapeLeft UIInterfaceOrientationLandscapeRight";
				LD_RUNPATH_SEARCH_PATHS = (
					"$(inherited)",
					"@executable_path/Frameworks",
				);
				MARKETING_VERSION = 1.0;
				PRODUCT_BUNDLE_IDENTIFIER = joohan.CoinApp;
				PRODUCT_NAME = "$(TARGET_NAME)";
				SWIFT_EMIT_LOC_STRINGS = YES;
				SWIFT_VERSION = 5.0;
				TARGETED_DEVICE_FAMILY = "1,2";
			};
			name = Debug;
		};
		86BFB02A2926AEFB00969833 /* Release */ = {
			isa = XCBuildConfiguration;
			buildSettings = {
				ASSETCATALOG_COMPILER_APPICON_NAME = AppIcon;
				ASSETCATALOG_COMPILER_GLOBAL_ACCENT_COLOR_NAME = AccentColor;
				CODE_SIGN_STYLE = Automatic;
				CURRENT_PROJECT_VERSION = 1;
				DEVELOPMENT_ASSET_PATHS = "\"CoinApp/Preview Content\"";
				DEVELOPMENT_TEAM = YB5KQCLMY6;
				ENABLE_PREVIEWS = YES;
				GENERATE_INFOPLIST_FILE = YES;
				INFOPLIST_KEY_UIApplicationSceneManifest_Generation = YES;
				INFOPLIST_KEY_UIApplicationSupportsIndirectInputEvents = YES;
				INFOPLIST_KEY_UILaunchScreen_Generation = YES;
				INFOPLIST_KEY_UISupportedInterfaceOrientations_iPad = "UIInterfaceOrientationPortrait UIInterfaceOrientationPortraitUpsideDown UIInterfaceOrientationLandscapeLeft UIInterfaceOrientationLandscapeRight";
				INFOPLIST_KEY_UISupportedInterfaceOrientations_iPhone = "UIInterfaceOrientationPortrait UIInterfaceOrientationLandscapeLeft UIInterfaceOrientationLandscapeRight";
				LD_RUNPATH_SEARCH_PATHS = (
					"$(inherited)",
					"@executable_path/Frameworks",
				);
				MARKETING_VERSION = 1.0;
				PRODUCT_BUNDLE_IDENTIFIER = joohan.CoinApp;
				PRODUCT_NAME = "$(TARGET_NAME)";
				SWIFT_EMIT_LOC_STRINGS = YES;
				SWIFT_VERSION = 5.0;
				TARGETED_DEVICE_FAMILY = "1,2";
			};
			name = Release;
		};
/* End XCBuildConfiguration section */

/* Begin XCConfigurationList section */
		86BFB0152926AEFA00969833 /* Build configuration list for PBXProject "CoinApp" */ = {
			isa = XCConfigurationList;
			buildConfigurations = (
				86BFB0262926AEFB00969833 /* Debug */,
				86BFB0272926AEFB00969833 /* Release */,
			);
			defaultConfigurationIsVisible = 0;
			defaultConfigurationName = Release;
		};
		86BFB0282926AEFB00969833 /* Build configuration list for PBXNativeTarget "CoinApp" */ = {
			isa = XCConfigurationList;
			buildConfigurations = (
				86BFB0292926AEFB00969833 /* Debug */,
				86BFB02A2926AEFB00969833 /* Release */,
			);
			defaultConfigurationIsVisible = 0;
			defaultConfigurationName = Release;
		};
/* End XCConfigurationList section */
	};
	rootObject = 86BFB0122926AEFA00969833 /* Project object */;
}
